// !$*UTF8*$!
{
	archiveVersion = 1;
	classes = {
	};
	objectVersion = 50;
	objects = {

/* Begin PBXBuildFile section */
		07212FA9210F6B10003F4E75 /* Tokenizer.swift in Sources */ = {isa = PBXBuildFile; fileRef = 07212FA8210F6B10003F4E75 /* Tokenizer.swift */; };
		072DD2BC2127A80900F86C39 /* 小四喜.swift in Sources */ = {isa = PBXBuildFile; fileRef = 072DD2BB2127A80900F86C39 /* 小四喜.swift */; };
		072DD2BE2127A81F00F86C39 /* 大四喜.swift in Sources */ = {isa = PBXBuildFile; fileRef = 072DD2BD2127A81F00F86C39 /* 大四喜.swift */; };
		072DD2C02127B5AC00F86C39 /* 清老頭.swift in Sources */ = {isa = PBXBuildFile; fileRef = 072DD2BF2127B5AC00F86C39 /* 清老頭.swift */; };
		072DD2C32127B71700F86C39 /* 九連宝燈.swift in Sources */ = {isa = PBXBuildFile; fileRef = 072DD2C22127B71700F86C39 /* 九連宝燈.swift */; };
		072DD2C52127C09300F86C39 /* 役牌.swift in Sources */ = {isa = PBXBuildFile; fileRef = 072DD2C42127C09300F86C39 /* 役牌.swift */; };
		072DD2C72127C77B00F86C39 /* ドラ.swift in Sources */ = {isa = PBXBuildFile; fileRef = 072DD2C62127C77B00F86C39 /* ドラ.swift */; };
		072DD2C92127CACB00F86C39 /* ダブル立直.swift in Sources */ = {isa = PBXBuildFile; fileRef = 072DD2C82127CACB00F86C39 /* ダブル立直.swift */; };
		072DD2CB2127CB6000F86C39 /* 天和.swift in Sources */ = {isa = PBXBuildFile; fileRef = 072DD2CA2127CB6000F86C39 /* 天和.swift */; };
		072DD2CD2127CB9E00F86C39 /* 地和.swift in Sources */ = {isa = PBXBuildFile; fileRef = 072DD2CC2127CB9E00F86C39 /* 地和.swift */; };
		072DD2D02127CEA300F86C39 /* 平和.swift in Sources */ = {isa = PBXBuildFile; fileRef = 072DD2CF2127CEA300F86C39 /* 平和.swift */; };
		072DD2D421282F8300F86C39 /* WaitingFormDetector.swift in Sources */ = {isa = PBXBuildFile; fileRef = 072DD2D321282F8300F86C39 /* WaitingFormDetector.swift */; };
		072DD2E32129205800F86C39 /* Peafowl.framework in Frameworks */ = {isa = PBXBuildFile; fileRef = 072DD2DA2129205700F86C39 /* Peafowl.framework */; };
		072DD2F12129207500F86C39 /* Int+Tiles.swift in Sources */ = {isa = PBXBuildFile; fileRef = 079A8E3C20E2AE9A0009EA6D /* Int+Tiles.swift */; };
		072DD2F22129207500F86C39 /* Array+Extensions.swift in Sources */ = {isa = PBXBuildFile; fileRef = 07C6398321120CB900725AFB /* Array+Extensions.swift */; };
		072DD2F32129207500F86C39 /* Sequence+Extensions.swift in Sources */ = {isa = PBXBuildFile; fileRef = 07ED343D2110B6FD00D02AFA /* Sequence+Extensions.swift */; };
		072DD2F42129207500F86C39 /* Array+Tiles.swift in Sources */ = {isa = PBXBuildFile; fileRef = 07C6398621120F1000725AFB /* Array+Tiles.swift */; };
		072DD2F52129207500F86C39 /* Set+Extensions.swift in Sources */ = {isa = PBXBuildFile; fileRef = 0762D3512116D11500CC66D5 /* Set+Extensions.swift */; };
		072DD2F62129207B00F86C39 /* 国士無双.swift in Sources */ = {isa = PBXBuildFile; fileRef = 079A8E4920E2BEE90009EA6D /* 国士無双.swift */; };
		072DD2F72129207B00F86C39 /* 四暗刻.swift in Sources */ = {isa = PBXBuildFile; fileRef = 07F4196D2125D6C400DB09EF /* 四暗刻.swift */; };
		072DD2F82129207B00F86C39 /* 字一色.swift in Sources */ = {isa = PBXBuildFile; fileRef = 07315D392125E05100733FDC /* 字一色.swift */; };
		072DD2F92129207B00F86C39 /* 緑一色.swift in Sources */ = {isa = PBXBuildFile; fileRef = 07315D3B2125E0A000733FDC /* 緑一色.swift */; };
		072DD2FA2129207B00F86C39 /* 大三元.swift in Sources */ = {isa = PBXBuildFile; fileRef = 07315D3D2125E50B00733FDC /* 大三元.swift */; };
		072DD2FB2129207B00F86C39 /* 小四喜.swift in Sources */ = {isa = PBXBuildFile; fileRef = 072DD2BB2127A80900F86C39 /* 小四喜.swift */; };
		072DD2FC2129207B00F86C39 /* 大四喜.swift in Sources */ = {isa = PBXBuildFile; fileRef = 072DD2BD2127A81F00F86C39 /* 大四喜.swift */; };
		072DD2FD2129207B00F86C39 /* 清老頭.swift in Sources */ = {isa = PBXBuildFile; fileRef = 072DD2BF2127B5AC00F86C39 /* 清老頭.swift */; };
		072DD2FE2129207B00F86C39 /* 九連宝燈.swift in Sources */ = {isa = PBXBuildFile; fileRef = 072DD2C22127B71700F86C39 /* 九連宝燈.swift */; };
		072DD2FF2129207B00F86C39 /* 天和.swift in Sources */ = {isa = PBXBuildFile; fileRef = 072DD2CA2127CB6000F86C39 /* 天和.swift */; };
		072DD3002129207B00F86C39 /* 地和.swift in Sources */ = {isa = PBXBuildFile; fileRef = 072DD2CC2127CB9E00F86C39 /* 地和.swift */; };
		072DD3012129207B00F86C39 /* 断ヤオ九.swift in Sources */ = {isa = PBXBuildFile; fileRef = 079A8E4520E2BB470009EA6D /* 断ヤオ九.swift */; };
		072DD3022129207B00F86C39 /* 七対子.swift in Sources */ = {isa = PBXBuildFile; fileRef = 079A8E4720E2BE110009EA6D /* 七対子.swift */; };
		072DD3032129207B00F86C39 /* 立直.swift in Sources */ = {isa = PBXBuildFile; fileRef = 07B64756212088C900216DE5 /* 立直.swift */; };
		072DD3042129207B00F86C39 /* ダブル立直.swift in Sources */ = {isa = PBXBuildFile; fileRef = 072DD2C82127CACB00F86C39 /* ダブル立直.swift */; };
		072DD3052129207B00F86C39 /* 一発.swift in Sources */ = {isa = PBXBuildFile; fileRef = 07F419712125D8B700DB09EF /* 一発.swift */; };
		072DD3062129207B00F86C39 /* 門前清自摸和.swift in Sources */ = {isa = PBXBuildFile; fileRef = 07315D2F2125DB1E00733FDC /* 門前清自摸和.swift */; };
		072DD3072129207B00F86C39 /* 嶺上開花.swift in Sources */ = {isa = PBXBuildFile; fileRef = 07315D312125DB9D00733FDC /* 嶺上開花.swift */; };
		072DD3082129207B00F86C39 /* 海底摸月.swift in Sources */ = {isa = PBXBuildFile; fileRef = 07315D332125DC0900733FDC /* 海底摸月.swift */; };
		072DD3092129207B00F86C39 /* 河底撈魚.swift in Sources */ = {isa = PBXBuildFile; fileRef = 07315D352125DC7200733FDC /* 河底撈魚.swift */; };
		072DD30A2129207B00F86C39 /* 一盃口.swift in Sources */ = {isa = PBXBuildFile; fileRef = 07B6475821208EE500216DE5 /* 一盃口.swift */; };
		072DD30B2129207B00F86C39 /* 二盃口.swift in Sources */ = {isa = PBXBuildFile; fileRef = 07B6475A212090F800216DE5 /* 二盃口.swift */; };
		072DD30C2129207B00F86C39 /* 三色同順.swift in Sources */ = {isa = PBXBuildFile; fileRef = 07B2BBDF21247B1200993F46 /* 三色同順.swift */; };
		072DD30D2129207B00F86C39 /* 三色同刻.swift in Sources */ = {isa = PBXBuildFile; fileRef = 07B2BBE1212481E800993F46 /* 三色同刻.swift */; };
		072DD30E2129207B00F86C39 /* 混老頭.swift in Sources */ = {isa = PBXBuildFile; fileRef = 07F4195A21248F1000DB09EF /* 混老頭.swift */; };
		072DD30F2129207B00F86C39 /* 混全帯么九.swift in Sources */ = {isa = PBXBuildFile; fileRef = 07F4195C21248FEE00DB09EF /* 混全帯么九.swift */; };
		072DD3102129207B00F86C39 /* 純全帯么九.swift in Sources */ = {isa = PBXBuildFile; fileRef = 07F4195E2124929500DB09EF /* 純全帯么九.swift */; };
		072DD3112129207B00F86C39 /* 一気通貫.swift in Sources */ = {isa = PBXBuildFile; fileRef = 07F419602125C96200DB09EF /* 一気通貫.swift */; };
		072DD3122129207B00F86C39 /* 小三元.swift in Sources */ = {isa = PBXBuildFile; fileRef = 07F419642125CD6000DB09EF /* 小三元.swift */; };
		072DD3132129207B00F86C39 /* 混一色.swift in Sources */ = {isa = PBXBuildFile; fileRef = 07F419662125D20700DB09EF /* 混一色.swift */; };
		072DD3142129207B00F86C39 /* 清一色.swift in Sources */ = {isa = PBXBuildFile; fileRef = 07F419682125D2CA00DB09EF /* 清一色.swift */; };
		072DD3152129207B00F86C39 /* 三暗刻.swift in Sources */ = {isa = PBXBuildFile; fileRef = 07F4196A2125D56C00DB09EF /* 三暗刻.swift */; };
		072DD3162129207B00F86C39 /* 対々和.swift in Sources */ = {isa = PBXBuildFile; fileRef = 07F4196F2125D6FD00DB09EF /* 対々和.swift */; };
		072DD3172129207B00F86C39 /* 役牌.swift in Sources */ = {isa = PBXBuildFile; fileRef = 072DD2C42127C09300F86C39 /* 役牌.swift */; };
		072DD3182129207B00F86C39 /* ドラ.swift in Sources */ = {isa = PBXBuildFile; fileRef = 072DD2C62127C77B00F86C39 /* ドラ.swift */; };
		072DD3192129207B00F86C39 /* 平和.swift in Sources */ = {isa = PBXBuildFile; fileRef = 072DD2CF2127CEA300F86C39 /* 平和.swift */; };
		072DD31B2129208000F86C39 /* Tile.swift in Sources */ = {isa = PBXBuildFile; fileRef = 079A8E3A20E2ADEE0009EA6D /* Tile.swift */; };
		072DD31C2129208000F86C39 /* TileUtility.swift in Sources */ = {isa = PBXBuildFile; fileRef = 07F419622125CA3400DB09EF /* TileUtility.swift */; };
		072DD31D2129208000F86C39 /* Hand.swift in Sources */ = {isa = PBXBuildFile; fileRef = 079A8E3E20E2B4F10009EA6D /* Hand.swift */; };
		072DD31E2129208000F86C39 /* Yaku.swift in Sources */ = {isa = PBXBuildFile; fileRef = 079A8E4020E2B5960009EA6D /* Yaku.swift */; };
		072DD31F2129208000F86C39 /* Token.swift in Sources */ = {isa = PBXBuildFile; fileRef = 079A8E4220E2B68C0009EA6D /* Token.swift */; };
		072DD3202129208000F86C39 /* ScoreCalculator.swift in Sources */ = {isa = PBXBuildFile; fileRef = 0778DC4A2118AD0200B8B841 /* ScoreCalculator.swift */; };
		072DD3212129208000F86C39 /* Tokenizer.swift in Sources */ = {isa = PBXBuildFile; fileRef = 07212FA8210F6B10003F4E75 /* Tokenizer.swift */; };
		072DD3232129208000F86C39 /* Tile+Aliases.swift in Sources */ = {isa = PBXBuildFile; fileRef = 07ED34412110C1E300D02AFA /* Tile+Aliases.swift */; };
		072DD3242129208000F86C39 /* WinningDetector.swift in Sources */ = {isa = PBXBuildFile; fileRef = 07811BEE211F432A0052DCB2 /* WinningDetector.swift */; };
		072DD3252129208000F86C39 /* GameContext.swift in Sources */ = {isa = PBXBuildFile; fileRef = 07811BF4211F71B40052DCB2 /* GameContext.swift */; };
		072DD3262129208000F86C39 /* TileCollection.swift in Sources */ = {isa = PBXBuildFile; fileRef = 07B64754212080FE00216DE5 /* TileCollection.swift */; };
		072DD3272129208000F86C39 /* WaitingFormDetector.swift in Sources */ = {isa = PBXBuildFile; fileRef = 072DD2D321282F8300F86C39 /* WaitingFormDetector.swift */; };
		072DD3282129208500F86C39 /* TileTests.swift in Sources */ = {isa = PBXBuildFile; fileRef = 074FC54E21076CA9007DADDE /* TileTests.swift */; };
		072DD3292129208500F86C39 /* TokenTests.swift in Sources */ = {isa = PBXBuildFile; fileRef = 07A22F802113BC720098F546 /* TokenTests.swift */; };
		072DD32A2129208500F86C39 /* TokenizerTests.swift in Sources */ = {isa = PBXBuildFile; fileRef = 0762D34F2115F07000CC66D5 /* TokenizerTests.swift */; };
		072DD32B2129208500F86C39 /* AnyYakuTests.swift in Sources */ = {isa = PBXBuildFile; fileRef = 0778DC4F2118B45900B8B841 /* AnyYakuTests.swift */; };
		072DD32C2129208500F86C39 /* ScoreCalculatorTests.swift in Sources */ = {isa = PBXBuildFile; fileRef = 07811BF0211F6D980052DCB2 /* ScoreCalculatorTests.swift */; };
		072DD32D2129208500F86C39 /* YakuTests.swift in Sources */ = {isa = PBXBuildFile; fileRef = 07811BF2211F70F90052DCB2 /* YakuTests.swift */; };
		072DD32E2129208500F86C39 /* Helper.swift in Sources */ = {isa = PBXBuildFile; fileRef = 07B6475221207D3400216DE5 /* Helper.swift */; };
		07315D302125DB1E00733FDC /* 門前清自摸和.swift in Sources */ = {isa = PBXBuildFile; fileRef = 07315D2F2125DB1E00733FDC /* 門前清自摸和.swift */; };
		07315D322125DB9D00733FDC /* 嶺上開花.swift in Sources */ = {isa = PBXBuildFile; fileRef = 07315D312125DB9D00733FDC /* 嶺上開花.swift */; };
		07315D342125DC0900733FDC /* 海底摸月.swift in Sources */ = {isa = PBXBuildFile; fileRef = 07315D332125DC0900733FDC /* 海底摸月.swift */; };
		07315D362125DC7200733FDC /* 河底撈魚.swift in Sources */ = {isa = PBXBuildFile; fileRef = 07315D352125DC7200733FDC /* 河底撈魚.swift */; };
		07315D3A2125E05100733FDC /* 字一色.swift in Sources */ = {isa = PBXBuildFile; fileRef = 07315D392125E05100733FDC /* 字一色.swift */; };
		07315D3C2125E0A000733FDC /* 緑一色.swift in Sources */ = {isa = PBXBuildFile; fileRef = 07315D3B2125E0A000733FDC /* 緑一色.swift */; };
		07315D3E2125E50B00733FDC /* 大三元.swift in Sources */ = {isa = PBXBuildFile; fileRef = 07315D3D2125E50B00733FDC /* 大三元.swift */; };
		074FC55121076DBB007DADDE /* TileTests.swift in Sources */ = {isa = PBXBuildFile; fileRef = 074FC54E21076CA9007DADDE /* TileTests.swift */; };
		0762D3502115F07000CC66D5 /* TokenizerTests.swift in Sources */ = {isa = PBXBuildFile; fileRef = 0762D34F2115F07000CC66D5 /* TokenizerTests.swift */; };
		0762D3522116D11500CC66D5 /* Set+Extensions.swift in Sources */ = {isa = PBXBuildFile; fileRef = 0762D3512116D11500CC66D5 /* Set+Extensions.swift */; };
		076DB0CE212A304400A10DBB /* TileUtilityTests.swift in Sources */ = {isa = PBXBuildFile; fileRef = 076DB0CD212A304400A10DBB /* TileUtilityTests.swift */; };
		076DB0CF212A304400A10DBB /* TileUtilityTests.swift in Sources */ = {isa = PBXBuildFile; fileRef = 076DB0CD212A304400A10DBB /* TileUtilityTests.swift */; };
		076DB0D1212A31FF00A10DBB /* WaitingFormDetectorTests.swift in Sources */ = {isa = PBXBuildFile; fileRef = 076DB0D0212A31FF00A10DBB /* WaitingFormDetectorTests.swift */; };
		076DB0D2212A31FF00A10DBB /* WaitingFormDetectorTests.swift in Sources */ = {isa = PBXBuildFile; fileRef = 076DB0D0212A31FF00A10DBB /* WaitingFormDetectorTests.swift */; };
		0778DC4B2118AD0200B8B841 /* ScoreCalculator.swift in Sources */ = {isa = PBXBuildFile; fileRef = 0778DC4A2118AD0200B8B841 /* ScoreCalculator.swift */; };
		0778DC502118B45900B8B841 /* AnyYakuTests.swift in Sources */ = {isa = PBXBuildFile; fileRef = 0778DC4F2118B45900B8B841 /* AnyYakuTests.swift */; };
		07811BEF211F432A0052DCB2 /* WinningDetector.swift in Sources */ = {isa = PBXBuildFile; fileRef = 07811BEE211F432A0052DCB2 /* WinningDetector.swift */; };
		07811BF1211F6D980052DCB2 /* ScoreCalculatorTests.swift in Sources */ = {isa = PBXBuildFile; fileRef = 07811BF0211F6D980052DCB2 /* ScoreCalculatorTests.swift */; };
		07811BF3211F70F90052DCB2 /* YakuTests.swift in Sources */ = {isa = PBXBuildFile; fileRef = 07811BF2211F70F90052DCB2 /* YakuTests.swift */; };
		07811BF5211F71B40052DCB2 /* GameContext.swift in Sources */ = {isa = PBXBuildFile; fileRef = 07811BF4211F71B40052DCB2 /* GameContext.swift */; };
		079A8E3B20E2ADEE0009EA6D /* Tile.swift in Sources */ = {isa = PBXBuildFile; fileRef = 079A8E3A20E2ADEE0009EA6D /* Tile.swift */; };
		079A8E3D20E2AE9A0009EA6D /* Int+Tiles.swift in Sources */ = {isa = PBXBuildFile; fileRef = 079A8E3C20E2AE9A0009EA6D /* Int+Tiles.swift */; };
		079A8E3F20E2B4F10009EA6D /* Hand.swift in Sources */ = {isa = PBXBuildFile; fileRef = 079A8E3E20E2B4F10009EA6D /* Hand.swift */; };
		079A8E4120E2B5960009EA6D /* Yaku.swift in Sources */ = {isa = PBXBuildFile; fileRef = 079A8E4020E2B5960009EA6D /* Yaku.swift */; };
		079A8E4320E2B68C0009EA6D /* Token.swift in Sources */ = {isa = PBXBuildFile; fileRef = 079A8E4220E2B68C0009EA6D /* Token.swift */; };
		079A8E4620E2BB470009EA6D /* 断ヤオ九.swift in Sources */ = {isa = PBXBuildFile; fileRef = 079A8E4520E2BB470009EA6D /* 断ヤオ九.swift */; };
		079A8E4820E2BE110009EA6D /* 七対子.swift in Sources */ = {isa = PBXBuildFile; fileRef = 079A8E4720E2BE110009EA6D /* 七対子.swift */; };
		079A8E4A20E2BEE90009EA6D /* 国士無双.swift in Sources */ = {isa = PBXBuildFile; fileRef = 079A8E4920E2BEE90009EA6D /* 国士無双.swift */; };
		07A0B7F221298C5900BF976E /* ScoreDescriber.swift in Sources */ = {isa = PBXBuildFile; fileRef = 07A0B7F121298C5900BF976E /* ScoreDescriber.swift */; };
		07A0B7F321298C5900BF976E /* ScoreDescriber.swift in Sources */ = {isa = PBXBuildFile; fileRef = 07A0B7F121298C5900BF976E /* ScoreDescriber.swift */; };
		07A22F812113BC720098F546 /* TokenTests.swift in Sources */ = {isa = PBXBuildFile; fileRef = 07A22F802113BC720098F546 /* TokenTests.swift */; };
		07B2BBE021247B1200993F46 /* 三色同順.swift in Sources */ = {isa = PBXBuildFile; fileRef = 07B2BBDF21247B1200993F46 /* 三色同順.swift */; };
		07B2BBE2212481E800993F46 /* 三色同刻.swift in Sources */ = {isa = PBXBuildFile; fileRef = 07B2BBE1212481E800993F46 /* 三色同刻.swift */; };
		07B6475321207D3400216DE5 /* Helper.swift in Sources */ = {isa = PBXBuildFile; fileRef = 07B6475221207D3400216DE5 /* Helper.swift */; };
		07B64755212080FE00216DE5 /* TileCollection.swift in Sources */ = {isa = PBXBuildFile; fileRef = 07B64754212080FE00216DE5 /* TileCollection.swift */; };
		07B64757212088C900216DE5 /* 立直.swift in Sources */ = {isa = PBXBuildFile; fileRef = 07B64756212088C900216DE5 /* 立直.swift */; };
		07B6475921208EE500216DE5 /* 一盃口.swift in Sources */ = {isa = PBXBuildFile; fileRef = 07B6475821208EE500216DE5 /* 一盃口.swift */; };
		07B6475B212090F800216DE5 /* 二盃口.swift in Sources */ = {isa = PBXBuildFile; fileRef = 07B6475A212090F800216DE5 /* 二盃口.swift */; };
		07C6398421120CB900725AFB /* Array+Extensions.swift in Sources */ = {isa = PBXBuildFile; fileRef = 07C6398321120CB900725AFB /* Array+Extensions.swift */; };
		07C6398721120F1000725AFB /* Array+Tiles.swift in Sources */ = {isa = PBXBuildFile; fileRef = 07C6398621120F1000725AFB /* Array+Tiles.swift */; };
		07DE939621295D7300808AC9 /* Renderer.swift in Sources */ = {isa = PBXBuildFile; fileRef = 07DE939421295D7300808AC9 /* Renderer.swift */; };
		07DE93BC21295F5F00808AC9 /* 7.png in Resources */ = {isa = PBXBuildFile; fileRef = 07DE939A21295F5D00808AC9 /* 7.png */; };
		07DE93BD21295F5F00808AC9 /* 7.png in Resources */ = {isa = PBXBuildFile; fileRef = 07DE939A21295F5D00808AC9 /* 7.png */; };
		07DE93BE21295F5F00808AC9 /* 27.png in Resources */ = {isa = PBXBuildFile; fileRef = 07DE939B21295F5D00808AC9 /* 27.png */; };
		07DE93BF21295F5F00808AC9 /* 27.png in Resources */ = {isa = PBXBuildFile; fileRef = 07DE939B21295F5D00808AC9 /* 27.png */; };
		07DE93C021295F5F00808AC9 /* 30.png in Resources */ = {isa = PBXBuildFile; fileRef = 07DE939C21295F5D00808AC9 /* 30.png */; };
		07DE93C121295F5F00808AC9 /* 30.png in Resources */ = {isa = PBXBuildFile; fileRef = 07DE939C21295F5D00808AC9 /* 30.png */; };
		07DE93C221295F5F00808AC9 /* 6.png in Resources */ = {isa = PBXBuildFile; fileRef = 07DE939D21295F5D00808AC9 /* 6.png */; };
		07DE93C321295F5F00808AC9 /* 6.png in Resources */ = {isa = PBXBuildFile; fileRef = 07DE939D21295F5D00808AC9 /* 6.png */; };
		07DE93C421295F5F00808AC9 /* 2.png in Resources */ = {isa = PBXBuildFile; fileRef = 07DE939E21295F5D00808AC9 /* 2.png */; };
		07DE93C521295F5F00808AC9 /* 2.png in Resources */ = {isa = PBXBuildFile; fileRef = 07DE939E21295F5D00808AC9 /* 2.png */; };
		07DE93C621295F5F00808AC9 /* 18.png in Resources */ = {isa = PBXBuildFile; fileRef = 07DE939F21295F5D00808AC9 /* 18.png */; };
		07DE93C721295F5F00808AC9 /* 18.png in Resources */ = {isa = PBXBuildFile; fileRef = 07DE939F21295F5D00808AC9 /* 18.png */; };
		07DE93C821295F5F00808AC9 /* 3.png in Resources */ = {isa = PBXBuildFile; fileRef = 07DE93A021295F5D00808AC9 /* 3.png */; };
		07DE93C921295F5F00808AC9 /* 3.png in Resources */ = {isa = PBXBuildFile; fileRef = 07DE93A021295F5D00808AC9 /* 3.png */; };
		07DE93CA21295F5F00808AC9 /* 32.png in Resources */ = {isa = PBXBuildFile; fileRef = 07DE93A121295F5D00808AC9 /* 32.png */; };
		07DE93CB21295F5F00808AC9 /* 32.png in Resources */ = {isa = PBXBuildFile; fileRef = 07DE93A121295F5D00808AC9 /* 32.png */; };
		07DE93CC21295F5F00808AC9 /* 4.png in Resources */ = {isa = PBXBuildFile; fileRef = 07DE93A221295F5D00808AC9 /* 4.png */; };
		07DE93CD21295F5F00808AC9 /* 4.png in Resources */ = {isa = PBXBuildFile; fileRef = 07DE93A221295F5D00808AC9 /* 4.png */; };
		07DE93CE21295F5F00808AC9 /* 8.png in Resources */ = {isa = PBXBuildFile; fileRef = 07DE93A321295F5D00808AC9 /* 8.png */; };
		07DE93CF21295F5F00808AC9 /* 8.png in Resources */ = {isa = PBXBuildFile; fileRef = 07DE93A321295F5D00808AC9 /* 8.png */; };
		07DE93D021295F5F00808AC9 /* 23.png in Resources */ = {isa = PBXBuildFile; fileRef = 07DE93A421295F5D00808AC9 /* 23.png */; };
		07DE93D121295F5F00808AC9 /* 23.png in Resources */ = {isa = PBXBuildFile; fileRef = 07DE93A421295F5D00808AC9 /* 23.png */; };
		07DE93D221295F5F00808AC9 /* 13.png in Resources */ = {isa = PBXBuildFile; fileRef = 07DE93A521295F5E00808AC9 /* 13.png */; };
		07DE93D321295F5F00808AC9 /* 13.png in Resources */ = {isa = PBXBuildFile; fileRef = 07DE93A521295F5E00808AC9 /* 13.png */; };
		07DE93D421295F5F00808AC9 /* 31.png in Resources */ = {isa = PBXBuildFile; fileRef = 07DE93A621295F5E00808AC9 /* 31.png */; };
		07DE93D521295F5F00808AC9 /* 31.png in Resources */ = {isa = PBXBuildFile; fileRef = 07DE93A621295F5E00808AC9 /* 31.png */; };
		07DE93D621295F5F00808AC9 /* 5.png in Resources */ = {isa = PBXBuildFile; fileRef = 07DE93A721295F5E00808AC9 /* 5.png */; };
		07DE93D721295F5F00808AC9 /* 5.png in Resources */ = {isa = PBXBuildFile; fileRef = 07DE93A721295F5E00808AC9 /* 5.png */; };
		07DE93D821295F5F00808AC9 /* 16.png in Resources */ = {isa = PBXBuildFile; fileRef = 07DE93A821295F5E00808AC9 /* 16.png */; };
		07DE93D921295F5F00808AC9 /* 16.png in Resources */ = {isa = PBXBuildFile; fileRef = 07DE93A821295F5E00808AC9 /* 16.png */; };
		07DE93DA21295F5F00808AC9 /* 28.png in Resources */ = {isa = PBXBuildFile; fileRef = 07DE93A921295F5E00808AC9 /* 28.png */; };
		07DE93DB21295F5F00808AC9 /* 28.png in Resources */ = {isa = PBXBuildFile; fileRef = 07DE93A921295F5E00808AC9 /* 28.png */; };
		07DE93DC21295F5F00808AC9 /* 33.png in Resources */ = {isa = PBXBuildFile; fileRef = 07DE93AA21295F5E00808AC9 /* 33.png */; };
		07DE93DD21295F5F00808AC9 /* 33.png in Resources */ = {isa = PBXBuildFile; fileRef = 07DE93AA21295F5E00808AC9 /* 33.png */; };
		07DE93DE21295F5F00808AC9 /* 9.png in Resources */ = {isa = PBXBuildFile; fileRef = 07DE93AB21295F5E00808AC9 /* 9.png */; };
		07DE93DF21295F5F00808AC9 /* 9.png in Resources */ = {isa = PBXBuildFile; fileRef = 07DE93AB21295F5E00808AC9 /* 9.png */; };
		07DE93E021295F5F00808AC9 /* 1.png in Resources */ = {isa = PBXBuildFile; fileRef = 07DE93AC21295F5E00808AC9 /* 1.png */; };
		07DE93E121295F5F00808AC9 /* 1.png in Resources */ = {isa = PBXBuildFile; fileRef = 07DE93AC21295F5E00808AC9 /* 1.png */; };
		07DE93E221295F5F00808AC9 /* 19.png in Resources */ = {isa = PBXBuildFile; fileRef = 07DE93AD21295F5E00808AC9 /* 19.png */; };
		07DE93E321295F5F00808AC9 /* 19.png in Resources */ = {isa = PBXBuildFile; fileRef = 07DE93AD21295F5E00808AC9 /* 19.png */; };
		07DE93E421295F5F00808AC9 /* 17.png in Resources */ = {isa = PBXBuildFile; fileRef = 07DE93AE21295F5E00808AC9 /* 17.png */; };
		07DE93E521295F5F00808AC9 /* 17.png in Resources */ = {isa = PBXBuildFile; fileRef = 07DE93AE21295F5E00808AC9 /* 17.png */; };
		07DE93E621295F5F00808AC9 /* 25.png in Resources */ = {isa = PBXBuildFile; fileRef = 07DE93AF21295F5E00808AC9 /* 25.png */; };
		07DE93E721295F5F00808AC9 /* 25.png in Resources */ = {isa = PBXBuildFile; fileRef = 07DE93AF21295F5E00808AC9 /* 25.png */; };
		07DE93E821295F5F00808AC9 /* 11.png in Resources */ = {isa = PBXBuildFile; fileRef = 07DE93B021295F5E00808AC9 /* 11.png */; };
		07DE93E921295F5F00808AC9 /* 11.png in Resources */ = {isa = PBXBuildFile; fileRef = 07DE93B021295F5E00808AC9 /* 11.png */; };
		07DE93EA21295F5F00808AC9 /* 26.png in Resources */ = {isa = PBXBuildFile; fileRef = 07DE93B121295F5E00808AC9 /* 26.png */; };
		07DE93EB21295F5F00808AC9 /* 26.png in Resources */ = {isa = PBXBuildFile; fileRef = 07DE93B121295F5E00808AC9 /* 26.png */; };
		07DE93EC21295F5F00808AC9 /* 20.png in Resources */ = {isa = PBXBuildFile; fileRef = 07DE93B221295F5E00808AC9 /* 20.png */; };
		07DE93ED21295F5F00808AC9 /* 20.png in Resources */ = {isa = PBXBuildFile; fileRef = 07DE93B221295F5E00808AC9 /* 20.png */; };
		07DE93EE21295F5F00808AC9 /* 10.png in Resources */ = {isa = PBXBuildFile; fileRef = 07DE93B321295F5E00808AC9 /* 10.png */; };
		07DE93EF21295F5F00808AC9 /* 10.png in Resources */ = {isa = PBXBuildFile; fileRef = 07DE93B321295F5E00808AC9 /* 10.png */; };
		07DE93F021295F5F00808AC9 /* 24.png in Resources */ = {isa = PBXBuildFile; fileRef = 07DE93B421295F5E00808AC9 /* 24.png */; };
		07DE93F121295F5F00808AC9 /* 24.png in Resources */ = {isa = PBXBuildFile; fileRef = 07DE93B421295F5E00808AC9 /* 24.png */; };
		07DE93F221295F5F00808AC9 /* 22.png in Resources */ = {isa = PBXBuildFile; fileRef = 07DE93B521295F5E00808AC9 /* 22.png */; };
		07DE93F321295F5F00808AC9 /* 22.png in Resources */ = {isa = PBXBuildFile; fileRef = 07DE93B521295F5E00808AC9 /* 22.png */; };
		07DE93F421295F5F00808AC9 /* 29.png in Resources */ = {isa = PBXBuildFile; fileRef = 07DE93B621295F5F00808AC9 /* 29.png */; };
		07DE93F521295F5F00808AC9 /* 29.png in Resources */ = {isa = PBXBuildFile; fileRef = 07DE93B621295F5F00808AC9 /* 29.png */; };
		07DE93F621295F5F00808AC9 /* 34.png in Resources */ = {isa = PBXBuildFile; fileRef = 07DE93B721295F5F00808AC9 /* 34.png */; };
		07DE93F721295F5F00808AC9 /* 34.png in Resources */ = {isa = PBXBuildFile; fileRef = 07DE93B721295F5F00808AC9 /* 34.png */; };
		07DE93F821295F5F00808AC9 /* 21.png in Resources */ = {isa = PBXBuildFile; fileRef = 07DE93B821295F5F00808AC9 /* 21.png */; };
		07DE93F921295F5F00808AC9 /* 21.png in Resources */ = {isa = PBXBuildFile; fileRef = 07DE93B821295F5F00808AC9 /* 21.png */; };
		07DE93FA21295F5F00808AC9 /* 12.png in Resources */ = {isa = PBXBuildFile; fileRef = 07DE93B921295F5F00808AC9 /* 12.png */; };
		07DE93FB21295F5F00808AC9 /* 12.png in Resources */ = {isa = PBXBuildFile; fileRef = 07DE93B921295F5F00808AC9 /* 12.png */; };
		07DE93FC21295F5F00808AC9 /* 14.png in Resources */ = {isa = PBXBuildFile; fileRef = 07DE93BA21295F5F00808AC9 /* 14.png */; };
		07DE93FD21295F5F00808AC9 /* 14.png in Resources */ = {isa = PBXBuildFile; fileRef = 07DE93BA21295F5F00808AC9 /* 14.png */; };
		07DE93FE21295F5F00808AC9 /* 15.png in Resources */ = {isa = PBXBuildFile; fileRef = 07DE93BB21295F5F00808AC9 /* 15.png */; };
		07DE93FF21295F5F00808AC9 /* 15.png in Resources */ = {isa = PBXBuildFile; fileRef = 07DE93BB21295F5F00808AC9 /* 15.png */; };
		07ED2F1D20E2AC0F00EF677F /* Peafowl.framework in Frameworks */ = {isa = PBXBuildFile; fileRef = 07ED2F1320E2AC0F00EF677F /* Peafowl.framework */; };
		07ED343E2110B6FD00D02AFA /* Sequence+Extensions.swift in Sources */ = {isa = PBXBuildFile; fileRef = 07ED343D2110B6FD00D02AFA /* Sequence+Extensions.swift */; };
		07ED34422110C1E300D02AFA /* Tile+Aliases.swift in Sources */ = {isa = PBXBuildFile; fileRef = 07ED34412110C1E300D02AFA /* Tile+Aliases.swift */; };
		07F4195B21248F1000DB09EF /* 混老頭.swift in Sources */ = {isa = PBXBuildFile; fileRef = 07F4195A21248F1000DB09EF /* 混老頭.swift */; };
		07F4195D21248FEE00DB09EF /* 混全帯么九.swift in Sources */ = {isa = PBXBuildFile; fileRef = 07F4195C21248FEE00DB09EF /* 混全帯么九.swift */; };
		07F4195F2124929500DB09EF /* 純全帯么九.swift in Sources */ = {isa = PBXBuildFile; fileRef = 07F4195E2124929500DB09EF /* 純全帯么九.swift */; };
		07F419612125C96200DB09EF /* 一気通貫.swift in Sources */ = {isa = PBXBuildFile; fileRef = 07F419602125C96200DB09EF /* 一気通貫.swift */; };
		07F419632125CA3400DB09EF /* TileUtility.swift in Sources */ = {isa = PBXBuildFile; fileRef = 07F419622125CA3400DB09EF /* TileUtility.swift */; };
		07F419652125CD6000DB09EF /* 小三元.swift in Sources */ = {isa = PBXBuildFile; fileRef = 07F419642125CD6000DB09EF /* 小三元.swift */; };
		07F419672125D20700DB09EF /* 混一色.swift in Sources */ = {isa = PBXBuildFile; fileRef = 07F419662125D20700DB09EF /* 混一色.swift */; };
		07F419692125D2CA00DB09EF /* 清一色.swift in Sources */ = {isa = PBXBuildFile; fileRef = 07F419682125D2CA00DB09EF /* 清一色.swift */; };
		07F4196B2125D56C00DB09EF /* 三暗刻.swift in Sources */ = {isa = PBXBuildFile; fileRef = 07F4196A2125D56C00DB09EF /* 三暗刻.swift */; };
		07F4196E2125D6C400DB09EF /* 四暗刻.swift in Sources */ = {isa = PBXBuildFile; fileRef = 07F4196D2125D6C400DB09EF /* 四暗刻.swift */; };
		07F419702125D6FD00DB09EF /* 対々和.swift in Sources */ = {isa = PBXBuildFile; fileRef = 07F4196F2125D6FD00DB09EF /* 対々和.swift */; };
		07F419722125D8B700DB09EF /* 一発.swift in Sources */ = {isa = PBXBuildFile; fileRef = 07F419712125D8B700DB09EF /* 一発.swift */; };
/* End PBXBuildFile section */

/* Begin PBXContainerItemProxy section */
		072DD2E42129205800F86C39 /* PBXContainerItemProxy */ = {
			isa = PBXContainerItemProxy;
			containerPortal = 07ED2F0A20E2AC0F00EF677F /* Project object */;
			proxyType = 1;
			remoteGlobalIDString = 072DD2D92129205700F86C39;
			remoteInfo = "Peafowl-macOS";
		};
		07ED2F1E20E2AC0F00EF677F /* PBXContainerItemProxy */ = {
			isa = PBXContainerItemProxy;
			containerPortal = 07ED2F0A20E2AC0F00EF677F /* Project object */;
			proxyType = 1;
			remoteGlobalIDString = 07ED2F1220E2AC0F00EF677F;
			remoteInfo = Peafowl;
		};
/* End PBXContainerItemProxy section */

/* Begin PBXFileReference section */
		07212FA8210F6B10003F4E75 /* Tokenizer.swift */ = {isa = PBXFileReference; lastKnownFileType = sourcecode.swift; path = Tokenizer.swift; sourceTree = "<group>"; };
		072DD2BB2127A80900F86C39 /* 小四喜.swift */ = {isa = PBXFileReference; lastKnownFileType = sourcecode.swift; path = "小四喜.swift"; sourceTree = "<group>"; };
		072DD2BD2127A81F00F86C39 /* 大四喜.swift */ = {isa = PBXFileReference; lastKnownFileType = sourcecode.swift; path = "大四喜.swift"; sourceTree = "<group>"; };
		072DD2BF2127B5AC00F86C39 /* 清老頭.swift */ = {isa = PBXFileReference; lastKnownFileType = sourcecode.swift; path = "清老頭.swift"; sourceTree = "<group>"; };
		072DD2C22127B71700F86C39 /* 九連宝燈.swift */ = {isa = PBXFileReference; lastKnownFileType = sourcecode.swift; path = "九連宝燈.swift"; sourceTree = "<group>"; };
		072DD2C42127C09300F86C39 /* 役牌.swift */ = {isa = PBXFileReference; lastKnownFileType = sourcecode.swift; path = "役牌.swift"; sourceTree = "<group>"; };
		072DD2C62127C77B00F86C39 /* ドラ.swift */ = {isa = PBXFileReference; lastKnownFileType = sourcecode.swift; path = "ドラ.swift"; sourceTree = "<group>"; };
		072DD2C82127CACB00F86C39 /* ダブル立直.swift */ = {isa = PBXFileReference; lastKnownFileType = sourcecode.swift; path = "ダブル立直.swift"; sourceTree = "<group>"; };
		072DD2CA2127CB6000F86C39 /* 天和.swift */ = {isa = PBXFileReference; lastKnownFileType = sourcecode.swift; path = "天和.swift"; sourceTree = "<group>"; };
		072DD2CC2127CB9E00F86C39 /* 地和.swift */ = {isa = PBXFileReference; lastKnownFileType = sourcecode.swift; path = "地和.swift"; sourceTree = "<group>"; };
		072DD2CF2127CEA300F86C39 /* 平和.swift */ = {isa = PBXFileReference; lastKnownFileType = sourcecode.swift; path = "平和.swift"; sourceTree = "<group>"; };
		072DD2D321282F8300F86C39 /* WaitingFormDetector.swift */ = {isa = PBXFileReference; lastKnownFileType = sourcecode.swift; path = WaitingFormDetector.swift; sourceTree = "<group>"; };
		072DD2DA2129205700F86C39 /* Peafowl.framework */ = {isa = PBXFileReference; explicitFileType = wrapper.framework; includeInIndex = 0; path = Peafowl.framework; sourceTree = BUILT_PRODUCTS_DIR; };
		072DD2E22129205800F86C39 /* PeafowlTests-macOS.xctest */ = {isa = PBXFileReference; explicitFileType = wrapper.cfbundle; includeInIndex = 0; path = "PeafowlTests-macOS.xctest"; sourceTree = BUILT_PRODUCTS_DIR; };
		07315D2F2125DB1E00733FDC /* 門前清自摸和.swift */ = {isa = PBXFileReference; lastKnownFileType = sourcecode.swift; path = "門前清自摸和.swift"; sourceTree = "<group>"; };
		07315D312125DB9D00733FDC /* 嶺上開花.swift */ = {isa = PBXFileReference; lastKnownFileType = sourcecode.swift; path = "嶺上開花.swift"; sourceTree = "<group>"; };
		07315D332125DC0900733FDC /* 海底摸月.swift */ = {isa = PBXFileReference; lastKnownFileType = sourcecode.swift; path = "海底摸月.swift"; sourceTree = "<group>"; };
		07315D352125DC7200733FDC /* 河底撈魚.swift */ = {isa = PBXFileReference; lastKnownFileType = sourcecode.swift; path = "河底撈魚.swift"; sourceTree = "<group>"; };
		07315D392125E05100733FDC /* 字一色.swift */ = {isa = PBXFileReference; lastKnownFileType = sourcecode.swift; path = "字一色.swift"; sourceTree = "<group>"; };
		07315D3B2125E0A000733FDC /* 緑一色.swift */ = {isa = PBXFileReference; lastKnownFileType = sourcecode.swift; path = "緑一色.swift"; sourceTree = "<group>"; };
		07315D3D2125E50B00733FDC /* 大三元.swift */ = {isa = PBXFileReference; lastKnownFileType = sourcecode.swift; path = "大三元.swift"; sourceTree = "<group>"; };
		074FC54E21076CA9007DADDE /* TileTests.swift */ = {isa = PBXFileReference; lastKnownFileType = sourcecode.swift; path = TileTests.swift; sourceTree = "<group>"; };
		0762D34F2115F07000CC66D5 /* TokenizerTests.swift */ = {isa = PBXFileReference; lastKnownFileType = sourcecode.swift; path = TokenizerTests.swift; sourceTree = "<group>"; };
		0762D3512116D11500CC66D5 /* Set+Extensions.swift */ = {isa = PBXFileReference; lastKnownFileType = sourcecode.swift; path = "Set+Extensions.swift"; sourceTree = "<group>"; };
		076DB0CD212A304400A10DBB /* TileUtilityTests.swift */ = {isa = PBXFileReference; lastKnownFileType = sourcecode.swift; path = TileUtilityTests.swift; sourceTree = "<group>"; };
		076DB0D0212A31FF00A10DBB /* WaitingFormDetectorTests.swift */ = {isa = PBXFileReference; lastKnownFileType = sourcecode.swift; path = WaitingFormDetectorTests.swift; sourceTree = "<group>"; };
		0778DC4A2118AD0200B8B841 /* ScoreCalculator.swift */ = {isa = PBXFileReference; lastKnownFileType = sourcecode.swift; path = ScoreCalculator.swift; sourceTree = "<group>"; };
		0778DC4F2118B45900B8B841 /* AnyYakuTests.swift */ = {isa = PBXFileReference; lastKnownFileType = sourcecode.swift; path = AnyYakuTests.swift; sourceTree = "<group>"; };
		07811BEE211F432A0052DCB2 /* WinningDetector.swift */ = {isa = PBXFileReference; lastKnownFileType = sourcecode.swift; path = WinningDetector.swift; sourceTree = "<group>"; };
		07811BF0211F6D980052DCB2 /* ScoreCalculatorTests.swift */ = {isa = PBXFileReference; lastKnownFileType = sourcecode.swift; path = ScoreCalculatorTests.swift; sourceTree = "<group>"; };
		07811BF2211F70F90052DCB2 /* YakuTests.swift */ = {isa = PBXFileReference; lastKnownFileType = sourcecode.swift; path = YakuTests.swift; sourceTree = "<group>"; };
		07811BF4211F71B40052DCB2 /* GameContext.swift */ = {isa = PBXFileReference; lastKnownFileType = sourcecode.swift; path = GameContext.swift; sourceTree = "<group>"; };
		079A8E3A20E2ADEE0009EA6D /* Tile.swift */ = {isa = PBXFileReference; lastKnownFileType = sourcecode.swift; path = Tile.swift; sourceTree = "<group>"; };
		079A8E3C20E2AE9A0009EA6D /* Int+Tiles.swift */ = {isa = PBXFileReference; lastKnownFileType = sourcecode.swift; path = "Int+Tiles.swift"; sourceTree = "<group>"; };
		079A8E3E20E2B4F10009EA6D /* Hand.swift */ = {isa = PBXFileReference; lastKnownFileType = sourcecode.swift; path = Hand.swift; sourceTree = "<group>"; };
		079A8E4020E2B5960009EA6D /* Yaku.swift */ = {isa = PBXFileReference; lastKnownFileType = sourcecode.swift; path = Yaku.swift; sourceTree = "<group>"; };
		079A8E4220E2B68C0009EA6D /* Token.swift */ = {isa = PBXFileReference; lastKnownFileType = sourcecode.swift; path = Token.swift; sourceTree = "<group>"; };
		079A8E4520E2BB470009EA6D /* 断ヤオ九.swift */ = {isa = PBXFileReference; lastKnownFileType = sourcecode.swift; path = "断ヤオ九.swift"; sourceTree = "<group>"; };
		079A8E4720E2BE110009EA6D /* 七対子.swift */ = {isa = PBXFileReference; lastKnownFileType = sourcecode.swift; path = "七対子.swift"; sourceTree = "<group>"; };
		079A8E4920E2BEE90009EA6D /* 国士無双.swift */ = {isa = PBXFileReference; lastKnownFileType = sourcecode.swift; path = "国士無双.swift"; sourceTree = "<group>"; };
		07A0B7F121298C5900BF976E /* ScoreDescriber.swift */ = {isa = PBXFileReference; lastKnownFileType = sourcecode.swift; path = ScoreDescriber.swift; sourceTree = "<group>"; };
		07A22F802113BC720098F546 /* TokenTests.swift */ = {isa = PBXFileReference; lastKnownFileType = sourcecode.swift; path = TokenTests.swift; sourceTree = "<group>"; };
		07B2BBDF21247B1200993F46 /* 三色同順.swift */ = {isa = PBXFileReference; lastKnownFileType = sourcecode.swift; path = "三色同順.swift"; sourceTree = "<group>"; };
		07B2BBE1212481E800993F46 /* 三色同刻.swift */ = {isa = PBXFileReference; lastKnownFileType = sourcecode.swift; path = "三色同刻.swift"; sourceTree = "<group>"; };
		07B6475221207D3400216DE5 /* Helper.swift */ = {isa = PBXFileReference; lastKnownFileType = sourcecode.swift; path = Helper.swift; sourceTree = "<group>"; };
		07B64754212080FE00216DE5 /* TileCollection.swift */ = {isa = PBXFileReference; lastKnownFileType = sourcecode.swift; path = TileCollection.swift; sourceTree = "<group>"; };
		07B64756212088C900216DE5 /* 立直.swift */ = {isa = PBXFileReference; lastKnownFileType = sourcecode.swift; path = "立直.swift"; sourceTree = "<group>"; };
		07B6475821208EE500216DE5 /* 一盃口.swift */ = {isa = PBXFileReference; lastKnownFileType = sourcecode.swift; path = "一盃口.swift"; sourceTree = "<group>"; };
		07B6475A212090F800216DE5 /* 二盃口.swift */ = {isa = PBXFileReference; lastKnownFileType = sourcecode.swift; path = "二盃口.swift"; sourceTree = "<group>"; };
		07C6398321120CB900725AFB /* Array+Extensions.swift */ = {isa = PBXFileReference; lastKnownFileType = sourcecode.swift; path = "Array+Extensions.swift"; sourceTree = "<group>"; };
		07C6398621120F1000725AFB /* Array+Tiles.swift */ = {isa = PBXFileReference; lastKnownFileType = sourcecode.swift; path = "Array+Tiles.swift"; sourceTree = "<group>"; };
		07DE939421295D7300808AC9 /* Renderer.swift */ = {isa = PBXFileReference; lastKnownFileType = sourcecode.swift; path = Renderer.swift; sourceTree = "<group>"; };
		07DE939A21295F5D00808AC9 /* 7.png */ = {isa = PBXFileReference; lastKnownFileType = image.png; path = 7.png; sourceTree = "<group>"; };
		07DE939B21295F5D00808AC9 /* 27.png */ = {isa = PBXFileReference; lastKnownFileType = image.png; path = 27.png; sourceTree = "<group>"; };
		07DE939C21295F5D00808AC9 /* 30.png */ = {isa = PBXFileReference; lastKnownFileType = image.png; path = 30.png; sourceTree = "<group>"; };
		07DE939D21295F5D00808AC9 /* 6.png */ = {isa = PBXFileReference; lastKnownFileType = image.png; path = 6.png; sourceTree = "<group>"; };
		07DE939E21295F5D00808AC9 /* 2.png */ = {isa = PBXFileReference; lastKnownFileType = image.png; path = 2.png; sourceTree = "<group>"; };
		07DE939F21295F5D00808AC9 /* 18.png */ = {isa = PBXFileReference; lastKnownFileType = image.png; path = 18.png; sourceTree = "<group>"; };
		07DE93A021295F5D00808AC9 /* 3.png */ = {isa = PBXFileReference; lastKnownFileType = image.png; path = 3.png; sourceTree = "<group>"; };
		07DE93A121295F5D00808AC9 /* 32.png */ = {isa = PBXFileReference; lastKnownFileType = image.png; path = 32.png; sourceTree = "<group>"; };
		07DE93A221295F5D00808AC9 /* 4.png */ = {isa = PBXFileReference; lastKnownFileType = image.png; path = 4.png; sourceTree = "<group>"; };
		07DE93A321295F5D00808AC9 /* 8.png */ = {isa = PBXFileReference; lastKnownFileType = image.png; path = 8.png; sourceTree = "<group>"; };
		07DE93A421295F5D00808AC9 /* 23.png */ = {isa = PBXFileReference; lastKnownFileType = image.png; path = 23.png; sourceTree = "<group>"; };
		07DE93A521295F5E00808AC9 /* 13.png */ = {isa = PBXFileReference; lastKnownFileType = image.png; path = 13.png; sourceTree = "<group>"; };
		07DE93A621295F5E00808AC9 /* 31.png */ = {isa = PBXFileReference; lastKnownFileType = image.png; path = 31.png; sourceTree = "<group>"; };
		07DE93A721295F5E00808AC9 /* 5.png */ = {isa = PBXFileReference; lastKnownFileType = image.png; path = 5.png; sourceTree = "<group>"; };
		07DE93A821295F5E00808AC9 /* 16.png */ = {isa = PBXFileReference; lastKnownFileType = image.png; path = 16.png; sourceTree = "<group>"; };
		07DE93A921295F5E00808AC9 /* 28.png */ = {isa = PBXFileReference; lastKnownFileType = image.png; path = 28.png; sourceTree = "<group>"; };
		07DE93AA21295F5E00808AC9 /* 33.png */ = {isa = PBXFileReference; lastKnownFileType = image.png; path = 33.png; sourceTree = "<group>"; };
		07DE93AB21295F5E00808AC9 /* 9.png */ = {isa = PBXFileReference; lastKnownFileType = image.png; path = 9.png; sourceTree = "<group>"; };
		07DE93AC21295F5E00808AC9 /* 1.png */ = {isa = PBXFileReference; lastKnownFileType = image.png; path = 1.png; sourceTree = "<group>"; };
		07DE93AD21295F5E00808AC9 /* 19.png */ = {isa = PBXFileReference; lastKnownFileType = image.png; path = 19.png; sourceTree = "<group>"; };
		07DE93AE21295F5E00808AC9 /* 17.png */ = {isa = PBXFileReference; lastKnownFileType = image.png; path = 17.png; sourceTree = "<group>"; };
		07DE93AF21295F5E00808AC9 /* 25.png */ = {isa = PBXFileReference; lastKnownFileType = image.png; path = 25.png; sourceTree = "<group>"; };
		07DE93B021295F5E00808AC9 /* 11.png */ = {isa = PBXFileReference; lastKnownFileType = image.png; path = 11.png; sourceTree = "<group>"; };
		07DE93B121295F5E00808AC9 /* 26.png */ = {isa = PBXFileReference; lastKnownFileType = image.png; path = 26.png; sourceTree = "<group>"; };
		07DE93B221295F5E00808AC9 /* 20.png */ = {isa = PBXFileReference; lastKnownFileType = image.png; path = 20.png; sourceTree = "<group>"; };
		07DE93B321295F5E00808AC9 /* 10.png */ = {isa = PBXFileReference; lastKnownFileType = image.png; path = 10.png; sourceTree = "<group>"; };
		07DE93B421295F5E00808AC9 /* 24.png */ = {isa = PBXFileReference; lastKnownFileType = image.png; path = 24.png; sourceTree = "<group>"; };
		07DE93B521295F5E00808AC9 /* 22.png */ = {isa = PBXFileReference; lastKnownFileType = image.png; path = 22.png; sourceTree = "<group>"; };
		07DE93B621295F5F00808AC9 /* 29.png */ = {isa = PBXFileReference; lastKnownFileType = image.png; path = 29.png; sourceTree = "<group>"; };
		07DE93B721295F5F00808AC9 /* 34.png */ = {isa = PBXFileReference; lastKnownFileType = image.png; path = 34.png; sourceTree = "<group>"; };
		07DE93B821295F5F00808AC9 /* 21.png */ = {isa = PBXFileReference; lastKnownFileType = image.png; path = 21.png; sourceTree = "<group>"; };
		07DE93B921295F5F00808AC9 /* 12.png */ = {isa = PBXFileReference; lastKnownFileType = image.png; path = 12.png; sourceTree = "<group>"; };
		07DE93BA21295F5F00808AC9 /* 14.png */ = {isa = PBXFileReference; lastKnownFileType = image.png; path = 14.png; sourceTree = "<group>"; };
		07DE93BB21295F5F00808AC9 /* 15.png */ = {isa = PBXFileReference; lastKnownFileType = image.png; path = 15.png; sourceTree = "<group>"; };
		07ED2F1320E2AC0F00EF677F /* Peafowl.framework */ = {isa = PBXFileReference; explicitFileType = wrapper.framework; includeInIndex = 0; path = Peafowl.framework; sourceTree = BUILT_PRODUCTS_DIR; };
		07ED2F1C20E2AC0F00EF677F /* PeafowlTests-iOS.xctest */ = {isa = PBXFileReference; explicitFileType = wrapper.cfbundle; includeInIndex = 0; path = "PeafowlTests-iOS.xctest"; sourceTree = BUILT_PRODUCTS_DIR; };
		07ED2F2E20E2AC6D00EF677F /* Info.plist */ = {isa = PBXFileReference; fileEncoding = 4; lastKnownFileType = text.plist.xml; name = Info.plist; path = Sources/Peafowl/Info.plist; sourceTree = SOURCE_ROOT; };
		07ED2F3220E2AC7C00EF677F /* Info.plist */ = {isa = PBXFileReference; fileEncoding = 4; lastKnownFileType = text.plist.xml; name = Info.plist; path = Tests/PeafowlTests/Info.plist; sourceTree = SOURCE_ROOT; };
		07ED343D2110B6FD00D02AFA /* Sequence+Extensions.swift */ = {isa = PBXFileReference; lastKnownFileType = sourcecode.swift; path = "Sequence+Extensions.swift"; sourceTree = "<group>"; };
		07ED34412110C1E300D02AFA /* Tile+Aliases.swift */ = {isa = PBXFileReference; lastKnownFileType = sourcecode.swift; path = "Tile+Aliases.swift"; sourceTree = "<group>"; };
		07F4195A21248F1000DB09EF /* 混老頭.swift */ = {isa = PBXFileReference; lastKnownFileType = sourcecode.swift; path = "混老頭.swift"; sourceTree = "<group>"; };
		07F4195C21248FEE00DB09EF /* 混全帯么九.swift */ = {isa = PBXFileReference; lastKnownFileType = sourcecode.swift; path = "混全帯么九.swift"; sourceTree = "<group>"; };
		07F4195E2124929500DB09EF /* 純全帯么九.swift */ = {isa = PBXFileReference; lastKnownFileType = sourcecode.swift; path = "純全帯么九.swift"; sourceTree = "<group>"; };
		07F419602125C96200DB09EF /* 一気通貫.swift */ = {isa = PBXFileReference; lastKnownFileType = sourcecode.swift; path = "一気通貫.swift"; sourceTree = "<group>"; };
		07F419622125CA3400DB09EF /* TileUtility.swift */ = {isa = PBXFileReference; lastKnownFileType = sourcecode.swift; path = TileUtility.swift; sourceTree = "<group>"; };
		07F419642125CD6000DB09EF /* 小三元.swift */ = {isa = PBXFileReference; lastKnownFileType = sourcecode.swift; path = "小三元.swift"; sourceTree = "<group>"; };
		07F419662125D20700DB09EF /* 混一色.swift */ = {isa = PBXFileReference; lastKnownFileType = sourcecode.swift; path = "混一色.swift"; sourceTree = "<group>"; };
		07F419682125D2CA00DB09EF /* 清一色.swift */ = {isa = PBXFileReference; lastKnownFileType = sourcecode.swift; path = "清一色.swift"; sourceTree = "<group>"; };
		07F4196A2125D56C00DB09EF /* 三暗刻.swift */ = {isa = PBXFileReference; lastKnownFileType = sourcecode.swift; path = "三暗刻.swift"; sourceTree = "<group>"; };
		07F4196D2125D6C400DB09EF /* 四暗刻.swift */ = {isa = PBXFileReference; lastKnownFileType = sourcecode.swift; path = "四暗刻.swift"; sourceTree = "<group>"; };
		07F4196F2125D6FD00DB09EF /* 対々和.swift */ = {isa = PBXFileReference; lastKnownFileType = sourcecode.swift; path = "対々和.swift"; sourceTree = "<group>"; };
		07F419712125D8B700DB09EF /* 一発.swift */ = {isa = PBXFileReference; lastKnownFileType = sourcecode.swift; path = "一発.swift"; sourceTree = "<group>"; };
/* End PBXFileReference section */

/* Begin PBXFrameworksBuildPhase section */
		072DD2D72129205700F86C39 /* Frameworks */ = {
			isa = PBXFrameworksBuildPhase;
			buildActionMask = 2147483647;
			files = (
			);
			runOnlyForDeploymentPostprocessing = 0;
		};
		072DD2DF2129205800F86C39 /* Frameworks */ = {
			isa = PBXFrameworksBuildPhase;
			buildActionMask = 2147483647;
			files = (
				072DD2E32129205800F86C39 /* Peafowl.framework in Frameworks */,
			);
			runOnlyForDeploymentPostprocessing = 0;
		};
		07ED2F1020E2AC0F00EF677F /* Frameworks */ = {
			isa = PBXFrameworksBuildPhase;
			buildActionMask = 2147483647;
			files = (
			);
			runOnlyForDeploymentPostprocessing = 0;
		};
		07ED2F1920E2AC0F00EF677F /* Frameworks */ = {
			isa = PBXFrameworksBuildPhase;
			buildActionMask = 2147483647;
			files = (
				07ED2F1D20E2AC0F00EF677F /* Peafowl.framework in Frameworks */,
			);
			runOnlyForDeploymentPostprocessing = 0;
		};
/* End PBXFrameworksBuildPhase section */

/* Begin PBXGroup section */
		07315D372125E03700733FDC /* Yakuman */ = {
			isa = PBXGroup;
			children = (
				079A8E4920E2BEE90009EA6D /* 国士無双.swift */,
				07F4196D2125D6C400DB09EF /* 四暗刻.swift */,
				07315D392125E05100733FDC /* 字一色.swift */,
				07315D3B2125E0A000733FDC /* 緑一色.swift */,
				07315D3D2125E50B00733FDC /* 大三元.swift */,
				072DD2BB2127A80900F86C39 /* 小四喜.swift */,
				072DD2BD2127A81F00F86C39 /* 大四喜.swift */,
				072DD2BF2127B5AC00F86C39 /* 清老頭.swift */,
				072DD2C22127B71700F86C39 /* 九連宝燈.swift */,
				072DD2CA2127CB6000F86C39 /* 天和.swift */,
				072DD2CC2127CB9E00F86C39 /* 地和.swift */,
			);
			path = Yakuman;
			sourceTree = "<group>";
		};
		079A8E4420E2BB370009EA6D /* Yakus */ = {
			isa = PBXGroup;
			children = (
				07315D372125E03700733FDC /* Yakuman */,
				079A8E4520E2BB470009EA6D /* 断ヤオ九.swift */,
				079A8E4720E2BE110009EA6D /* 七対子.swift */,
				07B64756212088C900216DE5 /* 立直.swift */,
				072DD2C82127CACB00F86C39 /* ダブル立直.swift */,
				07F419712125D8B700DB09EF /* 一発.swift */,
				07315D2F2125DB1E00733FDC /* 門前清自摸和.swift */,
				07315D312125DB9D00733FDC /* 嶺上開花.swift */,
				07315D332125DC0900733FDC /* 海底摸月.swift */,
				07315D352125DC7200733FDC /* 河底撈魚.swift */,
				07B6475821208EE500216DE5 /* 一盃口.swift */,
				07B6475A212090F800216DE5 /* 二盃口.swift */,
				07B2BBDF21247B1200993F46 /* 三色同順.swift */,
				07B2BBE1212481E800993F46 /* 三色同刻.swift */,
				07F4195A21248F1000DB09EF /* 混老頭.swift */,
				07F4195C21248FEE00DB09EF /* 混全帯么九.swift */,
				07F4195E2124929500DB09EF /* 純全帯么九.swift */,
				07F419602125C96200DB09EF /* 一気通貫.swift */,
				07F419642125CD6000DB09EF /* 小三元.swift */,
				07F419662125D20700DB09EF /* 混一色.swift */,
				07F419682125D2CA00DB09EF /* 清一色.swift */,
				07F4196A2125D56C00DB09EF /* 三暗刻.swift */,
				07F4196F2125D6FD00DB09EF /* 対々和.swift */,
				072DD2C42127C09300F86C39 /* 役牌.swift */,
				072DD2C62127C77B00F86C39 /* ドラ.swift */,
				072DD2CF2127CEA300F86C39 /* 平和.swift */,
			);
			path = Yakus;
			sourceTree = "<group>";
		};
		07C6398521120EEE00725AFB /* Extensions */ = {
			isa = PBXGroup;
			children = (
				079A8E3C20E2AE9A0009EA6D /* Int+Tiles.swift */,
				07C6398321120CB900725AFB /* Array+Extensions.swift */,
				07ED343D2110B6FD00D02AFA /* Sequence+Extensions.swift */,
				07C6398621120F1000725AFB /* Array+Tiles.swift */,
				0762D3512116D11500CC66D5 /* Set+Extensions.swift */,
			);
			path = Extensions;
			sourceTree = "<group>";
		};
		07DE932A21295B9900808AC9 /* PlaygroundSupport */ = {
			isa = PBXGroup;
			children = (
				07DE939321295D5B00808AC9 /* macOS */,
			);
			path = PlaygroundSupport;
			sourceTree = "<group>";
		};
		07DE932C21295D4A00808AC9 /* Images */ = {
			isa = PBXGroup;
			children = (
				07DE93AC21295F5E00808AC9 /* 1.png */,
				07DE939E21295F5D00808AC9 /* 2.png */,
				07DE93A021295F5D00808AC9 /* 3.png */,
				07DE93A221295F5D00808AC9 /* 4.png */,
				07DE93A721295F5E00808AC9 /* 5.png */,
				07DE939D21295F5D00808AC9 /* 6.png */,
				07DE939A21295F5D00808AC9 /* 7.png */,
				07DE93A321295F5D00808AC9 /* 8.png */,
				07DE93AB21295F5E00808AC9 /* 9.png */,
				07DE93B321295F5E00808AC9 /* 10.png */,
				07DE93B021295F5E00808AC9 /* 11.png */,
				07DE93B921295F5F00808AC9 /* 12.png */,
				07DE93A521295F5E00808AC9 /* 13.png */,
				07DE93BA21295F5F00808AC9 /* 14.png */,
				07DE93BB21295F5F00808AC9 /* 15.png */,
				07DE93A821295F5E00808AC9 /* 16.png */,
				07DE93AE21295F5E00808AC9 /* 17.png */,
				07DE939F21295F5D00808AC9 /* 18.png */,
				07DE93AD21295F5E00808AC9 /* 19.png */,
				07DE93B221295F5E00808AC9 /* 20.png */,
				07DE93B821295F5F00808AC9 /* 21.png */,
				07DE93B521295F5E00808AC9 /* 22.png */,
				07DE93A421295F5D00808AC9 /* 23.png */,
				07DE93B421295F5E00808AC9 /* 24.png */,
				07DE93AF21295F5E00808AC9 /* 25.png */,
				07DE93B121295F5E00808AC9 /* 26.png */,
				07DE939B21295F5D00808AC9 /* 27.png */,
				07DE93A921295F5E00808AC9 /* 28.png */,
				07DE93B621295F5F00808AC9 /* 29.png */,
				07DE939C21295F5D00808AC9 /* 30.png */,
				07DE93A621295F5E00808AC9 /* 31.png */,
				07DE93A121295F5D00808AC9 /* 32.png */,
				07DE93AA21295F5E00808AC9 /* 33.png */,
				07DE93B721295F5F00808AC9 /* 34.png */,
			);
			path = Images;
			sourceTree = SOURCE_ROOT;
		};
		07DE939321295D5B00808AC9 /* macOS */ = {
			isa = PBXGroup;
			children = (
				07DE939421295D7300808AC9 /* Renderer.swift */,
			);
			path = macOS;
			sourceTree = "<group>";
		};
		07ED2F0920E2AC0F00EF677F = {
			isa = PBXGroup;
			children = (
				07ED2F1520E2AC0F00EF677F /* Peafowl */,
				07ED2F2020E2AC0F00EF677F /* PeafowlTests */,
				07ED2F1420E2AC0F00EF677F /* Products */,
			);
			sourceTree = "<group>";
		};
		07ED2F1420E2AC0F00EF677F /* Products */ = {
			isa = PBXGroup;
			children = (
				07ED2F1320E2AC0F00EF677F /* Peafowl.framework */,
				07ED2F1C20E2AC0F00EF677F /* PeafowlTests-iOS.xctest */,
				072DD2DA2129205700F86C39 /* Peafowl.framework */,
				072DD2E22129205800F86C39 /* PeafowlTests-macOS.xctest */,
			);
			name = Products;
			sourceTree = "<group>";
		};
		07ED2F1520E2AC0F00EF677F /* Peafowl */ = {
			isa = PBXGroup;
			children = (
				07DE932C21295D4A00808AC9 /* Images */,
				07DE932A21295B9900808AC9 /* PlaygroundSupport */,
				07C6398521120EEE00725AFB /* Extensions */,
				079A8E4420E2BB370009EA6D /* Yakus */,
				07ED2F2E20E2AC6D00EF677F /* Info.plist */,
				079A8E3A20E2ADEE0009EA6D /* Tile.swift */,
				07F419622125CA3400DB09EF /* TileUtility.swift */,
				079A8E3E20E2B4F10009EA6D /* Hand.swift */,
				079A8E4020E2B5960009EA6D /* Yaku.swift */,
				079A8E4220E2B68C0009EA6D /* Token.swift */,
				0778DC4A2118AD0200B8B841 /* ScoreCalculator.swift */,
				07212FA8210F6B10003F4E75 /* Tokenizer.swift */,
				07ED34412110C1E300D02AFA /* Tile+Aliases.swift */,
				07811BEE211F432A0052DCB2 /* WinningDetector.swift */,
				07811BF4211F71B40052DCB2 /* GameContext.swift */,
				07B64754212080FE00216DE5 /* TileCollection.swift */,
				072DD2D321282F8300F86C39 /* WaitingFormDetector.swift */,
				07A0B7F121298C5900BF976E /* ScoreDescriber.swift */,
			);
			name = Peafowl;
			path = Sources/Peafowl;
			sourceTree = "<group>";
		};
		07ED2F2020E2AC0F00EF677F /* PeafowlTests */ = {
			isa = PBXGroup;
			children = (
				07ED2F3220E2AC7C00EF677F /* Info.plist */,
				074FC54E21076CA9007DADDE /* TileTests.swift */,
				07A22F802113BC720098F546 /* TokenTests.swift */,
				0762D34F2115F07000CC66D5 /* TokenizerTests.swift */,
				0778DC4F2118B45900B8B841 /* AnyYakuTests.swift */,
				07811BF0211F6D980052DCB2 /* ScoreCalculatorTests.swift */,
				07811BF2211F70F90052DCB2 /* YakuTests.swift */,
				07B6475221207D3400216DE5 /* Helper.swift */,
				076DB0CD212A304400A10DBB /* TileUtilityTests.swift */,
				076DB0D0212A31FF00A10DBB /* WaitingFormDetectorTests.swift */,
			);
			name = PeafowlTests;
			path = Tests/PeafowlTests;
			sourceTree = "<group>";
		};
/* End PBXGroup section */

/* Begin PBXHeadersBuildPhase section */
		072DD2D52129205700F86C39 /* Headers */ = {
			isa = PBXHeadersBuildPhase;
			buildActionMask = 2147483647;
			files = (
			);
			runOnlyForDeploymentPostprocessing = 0;
		};
		07ED2F0E20E2AC0F00EF677F /* Headers */ = {
			isa = PBXHeadersBuildPhase;
			buildActionMask = 2147483647;
			files = (
			);
			runOnlyForDeploymentPostprocessing = 0;
		};
/* End PBXHeadersBuildPhase section */

/* Begin PBXNativeTarget section */
		072DD2D92129205700F86C39 /* Peafowl-macOS */ = {
			isa = PBXNativeTarget;
			buildConfigurationList = 072DD2EB2129205800F86C39 /* Build configuration list for PBXNativeTarget "Peafowl-macOS" */;
			buildPhases = (
				072DD2D52129205700F86C39 /* Headers */,
				072DD2D62129205700F86C39 /* Sources */,
				072DD2D72129205700F86C39 /* Frameworks */,
				072DD2D82129205700F86C39 /* Resources */,
			);
			buildRules = (
			);
			dependencies = (
			);
			name = "Peafowl-macOS";
			productName = "Peafowl-macOS";
			productReference = 072DD2DA2129205700F86C39 /* Peafowl.framework */;
			productType = "com.apple.product-type.framework";
		};
		072DD2E12129205800F86C39 /* PeafowlTests-macOS */ = {
			isa = PBXNativeTarget;
			buildConfigurationList = 072DD2EE2129205800F86C39 /* Build configuration list for PBXNativeTarget "PeafowlTests-macOS" */;
			buildPhases = (
				072DD2DE2129205800F86C39 /* Sources */,
				072DD2DF2129205800F86C39 /* Frameworks */,
				072DD2E02129205800F86C39 /* Resources */,
			);
			buildRules = (
			);
			dependencies = (
				072DD2E52129205800F86C39 /* PBXTargetDependency */,
			);
			name = "PeafowlTests-macOS";
			productName = "Peafowl-macOSTests";
			productReference = 072DD2E22129205800F86C39 /* PeafowlTests-macOS.xctest */;
			productType = "com.apple.product-type.bundle.unit-test";
		};
		07ED2F1220E2AC0F00EF677F /* Peafowl-iOS */ = {
			isa = PBXNativeTarget;
			buildConfigurationList = 07ED2F2720E2AC1000EF677F /* Build configuration list for PBXNativeTarget "Peafowl-iOS" */;
			buildPhases = (
				07ED2F0E20E2AC0F00EF677F /* Headers */,
				07ED2F0F20E2AC0F00EF677F /* Sources */,
				07ED2F1020E2AC0F00EF677F /* Frameworks */,
				07ED2F1120E2AC0F00EF677F /* Resources */,
			);
			buildRules = (
			);
			dependencies = (
			);
			name = "Peafowl-iOS";
			productName = Peafowl;
			productReference = 07ED2F1320E2AC0F00EF677F /* Peafowl.framework */;
			productType = "com.apple.product-type.framework";
		};
		07ED2F1B20E2AC0F00EF677F /* PeafowlTests-iOS */ = {
			isa = PBXNativeTarget;
			buildConfigurationList = 07ED2F2A20E2AC1000EF677F /* Build configuration list for PBXNativeTarget "PeafowlTests-iOS" */;
			buildPhases = (
				07ED2F1820E2AC0F00EF677F /* Sources */,
				07ED2F1920E2AC0F00EF677F /* Frameworks */,
				07ED2F1A20E2AC0F00EF677F /* Resources */,
			);
			buildRules = (
			);
			dependencies = (
				07ED2F1F20E2AC0F00EF677F /* PBXTargetDependency */,
			);
			name = "PeafowlTests-iOS";
			productName = PeafowlTests;
			productReference = 07ED2F1C20E2AC0F00EF677F /* PeafowlTests-iOS.xctest */;
			productType = "com.apple.product-type.bundle.unit-test";
		};
/* End PBXNativeTarget section */

/* Begin PBXProject section */
		07ED2F0A20E2AC0F00EF677F /* Project object */ = {
			isa = PBXProject;
			attributes = {
				LastSwiftUpdateCheck = 1000;
				LastUpgradeCheck = 1000;
				ORGANIZATIONNAME = giginet;
				TargetAttributes = {
					072DD2D92129205700F86C39 = {
						CreatedOnToolsVersion = 10.0;
					};
					072DD2E12129205800F86C39 = {
						CreatedOnToolsVersion = 10.0;
					};
					07ED2F1220E2AC0F00EF677F = {
						CreatedOnToolsVersion = 10.0;
						LastSwiftMigration = 1000;
					};
					07ED2F1B20E2AC0F00EF677F = {
						CreatedOnToolsVersion = 10.0;
					};
				};
			};
			buildConfigurationList = 07ED2F0D20E2AC0F00EF677F /* Build configuration list for PBXProject "Peafowl" */;
			compatibilityVersion = "Xcode 9.3";
			developmentRegion = en;
			hasScannedForEncodings = 0;
			knownRegions = (
				en,
			);
			mainGroup = 07ED2F0920E2AC0F00EF677F;
			productRefGroup = 07ED2F1420E2AC0F00EF677F /* Products */;
			projectDirPath = "";
			projectRoot = "";
			targets = (
				07ED2F1220E2AC0F00EF677F /* Peafowl-iOS */,
				072DD2D92129205700F86C39 /* Peafowl-macOS */,
				07ED2F1B20E2AC0F00EF677F /* PeafowlTests-iOS */,
				072DD2E12129205800F86C39 /* PeafowlTests-macOS */,
			);
		};
/* End PBXProject section */

/* Begin PBXResourcesBuildPhase section */
		072DD2D82129205700F86C39 /* Resources */ = {
			isa = PBXResourcesBuildPhase;
			buildActionMask = 2147483647;
			files = (
				07DE93FF21295F5F00808AC9 /* 15.png in Resources */,
				07DE93F521295F5F00808AC9 /* 29.png in Resources */,
				07DE93F321295F5F00808AC9 /* 22.png in Resources */,
				07DE93DB21295F5F00808AC9 /* 28.png in Resources */,
				07DE93DD21295F5F00808AC9 /* 33.png in Resources */,
				07DE93E321295F5F00808AC9 /* 19.png in Resources */,
				07DE93D921295F5F00808AC9 /* 16.png in Resources */,
				07DE93E721295F5F00808AC9 /* 25.png in Resources */,
				07DE93EF21295F5F00808AC9 /* 10.png in Resources */,
				07DE93D321295F5F00808AC9 /* 13.png in Resources */,
				07DE93CF21295F5F00808AC9 /* 8.png in Resources */,
				07DE93C521295F5F00808AC9 /* 2.png in Resources */,
				07DE93D521295F5F00808AC9 /* 31.png in Resources */,
				07DE93C121295F5F00808AC9 /* 30.png in Resources */,
				07DE93CB21295F5F00808AC9 /* 32.png in Resources */,
				07DE93E121295F5F00808AC9 /* 1.png in Resources */,
				07DE93F721295F5F00808AC9 /* 34.png in Resources */,
				07DE93FD21295F5F00808AC9 /* 14.png in Resources */,
				07DE93D721295F5F00808AC9 /* 5.png in Resources */,
				07DE93ED21295F5F00808AC9 /* 20.png in Resources */,
				07DE93C921295F5F00808AC9 /* 3.png in Resources */,
				07DE93D121295F5F00808AC9 /* 23.png in Resources */,
				07DE93E521295F5F00808AC9 /* 17.png in Resources */,
				07DE93BD21295F5F00808AC9 /* 7.png in Resources */,
				07DE93BF21295F5F00808AC9 /* 27.png in Resources */,
				07DE93E921295F5F00808AC9 /* 11.png in Resources */,
				07DE93EB21295F5F00808AC9 /* 26.png in Resources */,
				07DE93F121295F5F00808AC9 /* 24.png in Resources */,
				07DE93DF21295F5F00808AC9 /* 9.png in Resources */,
				07DE93F921295F5F00808AC9 /* 21.png in Resources */,
				07DE93C721295F5F00808AC9 /* 18.png in Resources */,
				07DE93FB21295F5F00808AC9 /* 12.png in Resources */,
				07DE93CD21295F5F00808AC9 /* 4.png in Resources */,
				07DE93C321295F5F00808AC9 /* 6.png in Resources */,
			);
			runOnlyForDeploymentPostprocessing = 0;
		};
		072DD2E02129205800F86C39 /* Resources */ = {
			isa = PBXResourcesBuildPhase;
			buildActionMask = 2147483647;
			files = (
			);
			runOnlyForDeploymentPostprocessing = 0;
		};
		07ED2F1120E2AC0F00EF677F /* Resources */ = {
			isa = PBXResourcesBuildPhase;
			buildActionMask = 2147483647;
			files = (
				07DE93F621295F5F00808AC9 /* 34.png in Resources */,
				07DE93EE21295F5F00808AC9 /* 10.png in Resources */,
				07DE93F221295F5F00808AC9 /* 22.png in Resources */,
				07DE93D421295F5F00808AC9 /* 31.png in Resources */,
				07DE93E421295F5F00808AC9 /* 17.png in Resources */,
				07DE93CE21295F5F00808AC9 /* 8.png in Resources */,
				07DE93CC21295F5F00808AC9 /* 4.png in Resources */,
				07DE93DE21295F5F00808AC9 /* 9.png in Resources */,
				07DE93F821295F5F00808AC9 /* 21.png in Resources */,
				07DE93EC21295F5F00808AC9 /* 20.png in Resources */,
				07DE93DA21295F5F00808AC9 /* 28.png in Resources */,
				07DE93C621295F5F00808AC9 /* 18.png in Resources */,
				07DE93BE21295F5F00808AC9 /* 27.png in Resources */,
				07DE93FC21295F5F00808AC9 /* 14.png in Resources */,
				07DE93E821295F5F00808AC9 /* 11.png in Resources */,
				07DE93EA21295F5F00808AC9 /* 26.png in Resources */,
				07DE93D821295F5F00808AC9 /* 16.png in Resources */,
				07DE93E021295F5F00808AC9 /* 1.png in Resources */,
				07DE93F021295F5F00808AC9 /* 24.png in Resources */,
				07DE93FE21295F5F00808AC9 /* 15.png in Resources */,
				07DE93F421295F5F00808AC9 /* 29.png in Resources */,
				07DE93D021295F5F00808AC9 /* 23.png in Resources */,
				07DE93DC21295F5F00808AC9 /* 33.png in Resources */,
				07DE93D221295F5F00808AC9 /* 13.png in Resources */,
				07DE93C021295F5F00808AC9 /* 30.png in Resources */,
				07DE93C421295F5F00808AC9 /* 2.png in Resources */,
				07DE93C221295F5F00808AC9 /* 6.png in Resources */,
				07DE93E221295F5F00808AC9 /* 19.png in Resources */,
				07DE93C821295F5F00808AC9 /* 3.png in Resources */,
				07DE93D621295F5F00808AC9 /* 5.png in Resources */,
				07DE93FA21295F5F00808AC9 /* 12.png in Resources */,
				07DE93CA21295F5F00808AC9 /* 32.png in Resources */,
				07DE93E621295F5F00808AC9 /* 25.png in Resources */,
				07DE93BC21295F5F00808AC9 /* 7.png in Resources */,
			);
			runOnlyForDeploymentPostprocessing = 0;
		};
		07ED2F1A20E2AC0F00EF677F /* Resources */ = {
			isa = PBXResourcesBuildPhase;
			buildActionMask = 2147483647;
			files = (
			);
			runOnlyForDeploymentPostprocessing = 0;
		};
/* End PBXResourcesBuildPhase section */

/* Begin PBXSourcesBuildPhase section */
		072DD2D62129205700F86C39 /* Sources */ = {
			isa = PBXSourcesBuildPhase;
			buildActionMask = 2147483647;
			files = (
				072DD3042129207B00F86C39 /* ダブル立直.swift in Sources */,
				072DD2F92129207B00F86C39 /* 緑一色.swift in Sources */,
				072DD3112129207B00F86C39 /* 一気通貫.swift in Sources */,
				072DD31B2129208000F86C39 /* Tile.swift in Sources */,
				072DD2F32129207500F86C39 /* Sequence+Extensions.swift in Sources */,
				072DD3092129207B00F86C39 /* 河底撈魚.swift in Sources */,
				072DD3122129207B00F86C39 /* 小三元.swift in Sources */,
				072DD3242129208000F86C39 /* WinningDetector.swift in Sources */,
				072DD3032129207B00F86C39 /* 立直.swift in Sources */,
				072DD3142129207B00F86C39 /* 清一色.swift in Sources */,
				072DD3132129207B00F86C39 /* 混一色.swift in Sources */,
				072DD30F2129207B00F86C39 /* 混全帯么九.swift in Sources */,
				072DD31E2129208000F86C39 /* Yaku.swift in Sources */,
				072DD3152129207B00F86C39 /* 三暗刻.swift in Sources */,
				072DD2F12129207500F86C39 /* Int+Tiles.swift in Sources */,
				072DD3192129207B00F86C39 /* 平和.swift in Sources */,
				072DD2F22129207500F86C39 /* Array+Extensions.swift in Sources */,
				072DD2F72129207B00F86C39 /* 四暗刻.swift in Sources */,
				072DD3262129208000F86C39 /* TileCollection.swift in Sources */,
				072DD2F52129207500F86C39 /* Set+Extensions.swift in Sources */,
				072DD2F82129207B00F86C39 /* 字一色.swift in Sources */,
				07A0B7F321298C5900BF976E /* ScoreDescriber.swift in Sources */,
				072DD31F2129208000F86C39 /* Token.swift in Sources */,
				072DD3082129207B00F86C39 /* 海底摸月.swift in Sources */,
				072DD3232129208000F86C39 /* Tile+Aliases.swift in Sources */,
				072DD31C2129208000F86C39 /* TileUtility.swift in Sources */,
				072DD2FF2129207B00F86C39 /* 天和.swift in Sources */,
				072DD2FB2129207B00F86C39 /* 小四喜.swift in Sources */,
				072DD3252129208000F86C39 /* GameContext.swift in Sources */,
				072DD3202129208000F86C39 /* ScoreCalculator.swift in Sources */,
				072DD2FE2129207B00F86C39 /* 九連宝燈.swift in Sources */,
				072DD3272129208000F86C39 /* WaitingFormDetector.swift in Sources */,
				072DD2FA2129207B00F86C39 /* 大三元.swift in Sources */,
				072DD3012129207B00F86C39 /* 断ヤオ九.swift in Sources */,
				072DD30D2129207B00F86C39 /* 三色同刻.swift in Sources */,
				072DD2FD2129207B00F86C39 /* 清老頭.swift in Sources */,
				072DD3022129207B00F86C39 /* 七対子.swift in Sources */,
				072DD30E2129207B00F86C39 /* 混老頭.swift in Sources */,
				072DD30C2129207B00F86C39 /* 三色同順.swift in Sources */,
				072DD3102129207B00F86C39 /* 純全帯么九.swift in Sources */,
				072DD3072129207B00F86C39 /* 嶺上開花.swift in Sources */,
				072DD3162129207B00F86C39 /* 対々和.swift in Sources */,
				072DD3182129207B00F86C39 /* ドラ.swift in Sources */,
				072DD3212129208000F86C39 /* Tokenizer.swift in Sources */,
				072DD2F62129207B00F86C39 /* 国士無双.swift in Sources */,
				072DD30A2129207B00F86C39 /* 一盃口.swift in Sources */,
				072DD31D2129208000F86C39 /* Hand.swift in Sources */,
				072DD3062129207B00F86C39 /* 門前清自摸和.swift in Sources */,
				07DE939621295D7300808AC9 /* Renderer.swift in Sources */,
				072DD2FC2129207B00F86C39 /* 大四喜.swift in Sources */,
				072DD3052129207B00F86C39 /* 一発.swift in Sources */,
				072DD2F42129207500F86C39 /* Array+Tiles.swift in Sources */,
				072DD30B2129207B00F86C39 /* 二盃口.swift in Sources */,
				072DD3002129207B00F86C39 /* 地和.swift in Sources */,
				072DD3172129207B00F86C39 /* 役牌.swift in Sources */,
			);
			runOnlyForDeploymentPostprocessing = 0;
		};
		072DD2DE2129205800F86C39 /* Sources */ = {
			isa = PBXSourcesBuildPhase;
			buildActionMask = 2147483647;
			files = (
				072DD32A2129208500F86C39 /* TokenizerTests.swift in Sources */,
				072DD32E2129208500F86C39 /* Helper.swift in Sources */,
				072DD32D2129208500F86C39 /* YakuTests.swift in Sources */,
				072DD3282129208500F86C39 /* TileTests.swift in Sources */,
				072DD32C2129208500F86C39 /* ScoreCalculatorTests.swift in Sources */,
				072DD32B2129208500F86C39 /* AnyYakuTests.swift in Sources */,
				076DB0CF212A304400A10DBB /* TileUtilityTests.swift in Sources */,
				072DD3292129208500F86C39 /* TokenTests.swift in Sources */,
				076DB0D2212A31FF00A10DBB /* WaitingFormDetectorTests.swift in Sources */,
			);
			runOnlyForDeploymentPostprocessing = 0;
		};
		07ED2F0F20E2AC0F00EF677F /* Sources */ = {
			isa = PBXSourcesBuildPhase;
			buildActionMask = 2147483647;
			files = (
				079A8E3D20E2AE9A0009EA6D /* Int+Tiles.swift in Sources */,
				079A8E4820E2BE110009EA6D /* 七対子.swift in Sources */,
				07B6475921208EE500216DE5 /* 一盃口.swift in Sources */,
				079A8E4A20E2BEE90009EA6D /* 国士無双.swift in Sources */,
				0762D3522116D11500CC66D5 /* Set+Extensions.swift in Sources */,
				07ED34422110C1E300D02AFA /* Tile+Aliases.swift in Sources */,
				072DD2C72127C77B00F86C39 /* ドラ.swift in Sources */,
				07ED343E2110B6FD00D02AFA /* Sequence+Extensions.swift in Sources */,
				07F4196B2125D56C00DB09EF /* 三暗刻.swift in Sources */,
				072DD2C52127C09300F86C39 /* 役牌.swift in Sources */,
				07B2BBE2212481E800993F46 /* 三色同刻.swift in Sources */,
				07B64757212088C900216DE5 /* 立直.swift in Sources */,
				07F419702125D6FD00DB09EF /* 対々和.swift in Sources */,
				0778DC4B2118AD0200B8B841 /* ScoreCalculator.swift in Sources */,
				07F4196E2125D6C400DB09EF /* 四暗刻.swift in Sources */,
				072DD2C32127B71700F86C39 /* 九連宝燈.swift in Sources */,
				07811BEF211F432A0052DCB2 /* WinningDetector.swift in Sources */,
				07F419652125CD6000DB09EF /* 小三元.swift in Sources */,
				079A8E4620E2BB470009EA6D /* 断ヤオ九.swift in Sources */,
				079A8E4320E2B68C0009EA6D /* Token.swift in Sources */,
				072DD2C92127CACB00F86C39 /* ダブル立直.swift in Sources */,
				07F419672125D20700DB09EF /* 混一色.swift in Sources */,
				072DD2BC2127A80900F86C39 /* 小四喜.swift in Sources */,
				072DD2CD2127CB9E00F86C39 /* 地和.swift in Sources */,
				07F419612125C96200DB09EF /* 一気通貫.swift in Sources */,
				07B64755212080FE00216DE5 /* TileCollection.swift in Sources */,
				07A0B7F221298C5900BF976E /* ScoreDescriber.swift in Sources */,
				07315D3A2125E05100733FDC /* 字一色.swift in Sources */,
				07C6398721120F1000725AFB /* Array+Tiles.swift in Sources */,
				07315D342125DC0900733FDC /* 海底摸月.swift in Sources */,
				072DD2CB2127CB6000F86C39 /* 天和.swift in Sources */,
				07F419722125D8B700DB09EF /* 一発.swift in Sources */,
				072DD2D421282F8300F86C39 /* WaitingFormDetector.swift in Sources */,
				072DD2BE2127A81F00F86C39 /* 大四喜.swift in Sources */,
				07315D362125DC7200733FDC /* 河底撈魚.swift in Sources */,
				07811BF5211F71B40052DCB2 /* GameContext.swift in Sources */,
				07F419632125CA3400DB09EF /* TileUtility.swift in Sources */,
				07F4195F2124929500DB09EF /* 純全帯么九.swift in Sources */,
				07B2BBE021247B1200993F46 /* 三色同順.swift in Sources */,
				079A8E3B20E2ADEE0009EA6D /* Tile.swift in Sources */,
				079A8E3F20E2B4F10009EA6D /* Hand.swift in Sources */,
				07F4195D21248FEE00DB09EF /* 混全帯么九.swift in Sources */,
				07C6398421120CB900725AFB /* Array+Extensions.swift in Sources */,
				07315D3E2125E50B00733FDC /* 大三元.swift in Sources */,
				07315D302125DB1E00733FDC /* 門前清自摸和.swift in Sources */,
				07F419692125D2CA00DB09EF /* 清一色.swift in Sources */,
				07315D322125DB9D00733FDC /* 嶺上開花.swift in Sources */,
				07F4195B21248F1000DB09EF /* 混老頭.swift in Sources */,
				072DD2D02127CEA300F86C39 /* 平和.swift in Sources */,
				072DD2C02127B5AC00F86C39 /* 清老頭.swift in Sources */,
				07212FA9210F6B10003F4E75 /* Tokenizer.swift in Sources */,
				07315D3C2125E0A000733FDC /* 緑一色.swift in Sources */,
				07B6475B212090F800216DE5 /* 二盃口.swift in Sources */,
				079A8E4120E2B5960009EA6D /* Yaku.swift in Sources */,
			);
			runOnlyForDeploymentPostprocessing = 0;
		};
		07ED2F1820E2AC0F00EF677F /* Sources */ = {
			isa = PBXSourcesBuildPhase;
			buildActionMask = 2147483647;
			files = (
				07A22F812113BC720098F546 /* TokenTests.swift in Sources */,
				07B6475321207D3400216DE5 /* Helper.swift in Sources */,
				07811BF3211F70F90052DCB2 /* YakuTests.swift in Sources */,
				0778DC502118B45900B8B841 /* AnyYakuTests.swift in Sources */,
				07811BF1211F6D980052DCB2 /* ScoreCalculatorTests.swift in Sources */,
				0762D3502115F07000CC66D5 /* TokenizerTests.swift in Sources */,
				076DB0CE212A304400A10DBB /* TileUtilityTests.swift in Sources */,
				074FC55121076DBB007DADDE /* TileTests.swift in Sources */,
				076DB0D1212A31FF00A10DBB /* WaitingFormDetectorTests.swift in Sources */,
			);
			runOnlyForDeploymentPostprocessing = 0;
		};
/* End PBXSourcesBuildPhase section */

/* Begin PBXTargetDependency section */
		072DD2E52129205800F86C39 /* PBXTargetDependency */ = {
			isa = PBXTargetDependency;
			target = 072DD2D92129205700F86C39 /* Peafowl-macOS */;
			targetProxy = 072DD2E42129205800F86C39 /* PBXContainerItemProxy */;
		};
		07ED2F1F20E2AC0F00EF677F /* PBXTargetDependency */ = {
			isa = PBXTargetDependency;
			target = 07ED2F1220E2AC0F00EF677F /* Peafowl-iOS */;
			targetProxy = 07ED2F1E20E2AC0F00EF677F /* PBXContainerItemProxy */;
		};
/* End PBXTargetDependency section */

/* Begin XCBuildConfiguration section */
		072DD2EC2129205800F86C39 /* Debug */ = {
			isa = XCBuildConfiguration;
			buildSettings = {
				CODE_SIGN_IDENTITY = "-";
				CODE_SIGN_STYLE = Manual;
				COMBINE_HIDPI_IMAGES = YES;
				DEFINES_MODULE = YES;
				DEVELOPMENT_TEAM = "";
				DYLIB_COMPATIBILITY_VERSION = 1;
				DYLIB_CURRENT_VERSION = 1;
				DYLIB_INSTALL_NAME_BASE = "@rpath";
				FRAMEWORK_VERSION = A;
				INFOPLIST_FILE = Sources/Peafowl/Info.plist;
				INSTALL_PATH = "$(LOCAL_LIBRARY_DIR)/Frameworks";
				LD_RUNPATH_SEARCH_PATHS = (
					"$(inherited)",
					"@executable_path/../Frameworks",
					"@loader_path/Frameworks",
				);
				MACOSX_DEPLOYMENT_TARGET = 10.13;
				MTL_FAST_MATH = YES;
				PRODUCT_BUNDLE_IDENTIFIER = org.giginet.Peafowl;
				PRODUCT_MODULE_NAME = Peafowl;
				PRODUCT_NAME = Peafowl;
				PROVISIONING_PROFILE_SPECIFIER = "";
				SDKROOT = macosx;
				SKIP_INSTALL = YES;
				SWIFT_VERSION = 4.2;
			};
			name = Debug;
		};
		072DD2ED2129205800F86C39 /* Release */ = {
			isa = XCBuildConfiguration;
			buildSettings = {
				CODE_SIGN_IDENTITY = "-";
				CODE_SIGN_STYLE = Manual;
				COMBINE_HIDPI_IMAGES = YES;
				DEFINES_MODULE = YES;
				DEVELOPMENT_TEAM = "";
				DYLIB_COMPATIBILITY_VERSION = 1;
				DYLIB_CURRENT_VERSION = 1;
				DYLIB_INSTALL_NAME_BASE = "@rpath";
				FRAMEWORK_VERSION = A;
				INFOPLIST_FILE = Sources/Peafowl/Info.plist;
				INSTALL_PATH = "$(LOCAL_LIBRARY_DIR)/Frameworks";
				LD_RUNPATH_SEARCH_PATHS = (
					"$(inherited)",
					"@executable_path/../Frameworks",
					"@loader_path/Frameworks",
				);
				MACOSX_DEPLOYMENT_TARGET = 10.13;
				MTL_FAST_MATH = YES;
				PRODUCT_BUNDLE_IDENTIFIER = org.giginet.Peafowl;
				PRODUCT_MODULE_NAME = Peafowl;
				PRODUCT_NAME = Peafowl;
				PROVISIONING_PROFILE_SPECIFIER = "";
				SDKROOT = macosx;
				SKIP_INSTALL = YES;
				SWIFT_VERSION = 4.2;
			};
			name = Release;
		};
		072DD2EF2129205800F86C39 /* Debug */ = {
			isa = XCBuildConfiguration;
			buildSettings = {
				ALWAYS_EMBED_SWIFT_STANDARD_LIBRARIES = YES;
				CODE_SIGN_IDENTITY = "-";
				CODE_SIGN_STYLE = Manual;
				COMBINE_HIDPI_IMAGES = YES;
				DEVELOPMENT_TEAM = "";
				INFOPLIST_FILE = Tests/PeafowlTests/Info.plist;
				LD_RUNPATH_SEARCH_PATHS = (
					"$(inherited)",
					"@executable_path/../Frameworks",
					"@loader_path/../Frameworks",
				);
				MACOSX_DEPLOYMENT_TARGET = 10.13;
				MTL_FAST_MATH = YES;
				PRODUCT_BUNDLE_IDENTIFIER = "org.giginet.Peafowl-macOSTests";
				PRODUCT_NAME = "$(TARGET_NAME)";
				PROVISIONING_PROFILE_SPECIFIER = "";
				SDKROOT = macosx;
				SWIFT_VERSION = 4.2;
			};
			name = Debug;
		};
		072DD2F02129205800F86C39 /* Release */ = {
			isa = XCBuildConfiguration;
			buildSettings = {
				ALWAYS_EMBED_SWIFT_STANDARD_LIBRARIES = YES;
				CODE_SIGN_IDENTITY = "-";
				CODE_SIGN_STYLE = Manual;
				COMBINE_HIDPI_IMAGES = YES;
				DEVELOPMENT_TEAM = "";
				INFOPLIST_FILE = Tests/PeafowlTests/Info.plist;
				LD_RUNPATH_SEARCH_PATHS = (
					"$(inherited)",
					"@executable_path/../Frameworks",
					"@loader_path/../Frameworks",
				);
				MACOSX_DEPLOYMENT_TARGET = 10.13;
				MTL_FAST_MATH = YES;
				PRODUCT_BUNDLE_IDENTIFIER = "org.giginet.Peafowl-macOSTests";
				PRODUCT_NAME = "$(TARGET_NAME)";
				PROVISIONING_PROFILE_SPECIFIER = "";
				SDKROOT = macosx;
				SWIFT_VERSION = 4.2;
			};
			name = Release;
		};
		07ED2F2520E2AC1000EF677F /* Debug */ = {
			isa = XCBuildConfiguration;
			buildSettings = {
				ALWAYS_SEARCH_USER_PATHS = NO;
				CLANG_ANALYZER_NONNULL = YES;
				CLANG_ANALYZER_NUMBER_OBJECT_CONVERSION = YES_AGGRESSIVE;
				CLANG_CXX_LANGUAGE_STANDARD = "gnu++14";
				CLANG_CXX_LIBRARY = "libc++";
				CLANG_ENABLE_MODULES = YES;
				CLANG_ENABLE_OBJC_ARC = YES;
				CLANG_ENABLE_OBJC_WEAK = YES;
				CLANG_WARN_BLOCK_CAPTURE_AUTORELEASING = YES;
				CLANG_WARN_BOOL_CONVERSION = YES;
				CLANG_WARN_COMMA = YES;
				CLANG_WARN_CONSTANT_CONVERSION = YES;
				CLANG_WARN_DEPRECATED_OBJC_IMPLEMENTATIONS = YES;
				CLANG_WARN_DIRECT_OBJC_ISA_USAGE = YES_ERROR;
				CLANG_WARN_DOCUMENTATION_COMMENTS = YES;
				CLANG_WARN_EMPTY_BODY = YES;
				CLANG_WARN_ENUM_CONVERSION = YES;
				CLANG_WARN_INFINITE_RECURSION = YES;
				CLANG_WARN_INT_CONVERSION = YES;
				CLANG_WARN_NON_LITERAL_NULL_CONVERSION = YES;
				CLANG_WARN_OBJC_IMPLICIT_RETAIN_SELF = YES;
				CLANG_WARN_OBJC_LITERAL_CONVERSION = YES;
				CLANG_WARN_OBJC_ROOT_CLASS = YES_ERROR;
				CLANG_WARN_RANGE_LOOP_ANALYSIS = YES;
				CLANG_WARN_STRICT_PROTOTYPES = YES;
				CLANG_WARN_SUSPICIOUS_MOVE = YES;
				CLANG_WARN_UNGUARDED_AVAILABILITY = YES_AGGRESSIVE;
				CLANG_WARN_UNREACHABLE_CODE = YES;
				CLANG_WARN__DUPLICATE_METHOD_MATCH = YES;
				CODE_SIGN_IDENTITY = "iPhone Developer";
				COPY_PHASE_STRIP = NO;
				CURRENT_PROJECT_VERSION = 1;
				DEBUG_INFORMATION_FORMAT = dwarf;
				ENABLE_STRICT_OBJC_MSGSEND = YES;
				ENABLE_TESTABILITY = YES;
				GCC_C_LANGUAGE_STANDARD = gnu11;
				GCC_DYNAMIC_NO_PIC = NO;
				GCC_NO_COMMON_BLOCKS = YES;
				GCC_OPTIMIZATION_LEVEL = 0;
				GCC_PREPROCESSOR_DEFINITIONS = (
					"DEBUG=1",
					"$(inherited)",
				);
				GCC_WARN_64_TO_32_BIT_CONVERSION = YES;
				GCC_WARN_ABOUT_RETURN_TYPE = YES_ERROR;
				GCC_WARN_UNDECLARED_SELECTOR = YES;
				GCC_WARN_UNINITIALIZED_AUTOS = YES_AGGRESSIVE;
				GCC_WARN_UNUSED_FUNCTION = YES;
				GCC_WARN_UNUSED_VARIABLE = YES;
				IPHONEOS_DEPLOYMENT_TARGET = 12.0;
				MTL_ENABLE_DEBUG_INFO = INCLUDE_SOURCE;
				ONLY_ACTIVE_ARCH = YES;
				SDKROOT = iphoneos;
				SWIFT_ACTIVE_COMPILATION_CONDITIONS = DEBUG;
				SWIFT_OPTIMIZATION_LEVEL = "-Onone";
				VERSIONING_SYSTEM = "apple-generic";
				VERSION_INFO_PREFIX = "";
			};
			name = Debug;
		};
		07ED2F2620E2AC1000EF677F /* Release */ = {
			isa = XCBuildConfiguration;
			buildSettings = {
				ALWAYS_SEARCH_USER_PATHS = NO;
				CLANG_ANALYZER_NONNULL = YES;
				CLANG_ANALYZER_NUMBER_OBJECT_CONVERSION = YES_AGGRESSIVE;
				CLANG_CXX_LANGUAGE_STANDARD = "gnu++14";
				CLANG_CXX_LIBRARY = "libc++";
				CLANG_ENABLE_MODULES = YES;
				CLANG_ENABLE_OBJC_ARC = YES;
				CLANG_ENABLE_OBJC_WEAK = YES;
				CLANG_WARN_BLOCK_CAPTURE_AUTORELEASING = YES;
				CLANG_WARN_BOOL_CONVERSION = YES;
				CLANG_WARN_COMMA = YES;
				CLANG_WARN_CONSTANT_CONVERSION = YES;
				CLANG_WARN_DEPRECATED_OBJC_IMPLEMENTATIONS = YES;
				CLANG_WARN_DIRECT_OBJC_ISA_USAGE = YES_ERROR;
				CLANG_WARN_DOCUMENTATION_COMMENTS = YES;
				CLANG_WARN_EMPTY_BODY = YES;
				CLANG_WARN_ENUM_CONVERSION = YES;
				CLANG_WARN_INFINITE_RECURSION = YES;
				CLANG_WARN_INT_CONVERSION = YES;
				CLANG_WARN_NON_LITERAL_NULL_CONVERSION = YES;
				CLANG_WARN_OBJC_IMPLICIT_RETAIN_SELF = YES;
				CLANG_WARN_OBJC_LITERAL_CONVERSION = YES;
				CLANG_WARN_OBJC_ROOT_CLASS = YES_ERROR;
				CLANG_WARN_RANGE_LOOP_ANALYSIS = YES;
				CLANG_WARN_STRICT_PROTOTYPES = YES;
				CLANG_WARN_SUSPICIOUS_MOVE = YES;
				CLANG_WARN_UNGUARDED_AVAILABILITY = YES_AGGRESSIVE;
				CLANG_WARN_UNREACHABLE_CODE = YES;
				CLANG_WARN__DUPLICATE_METHOD_MATCH = YES;
				CODE_SIGN_IDENTITY = "iPhone Developer";
				COPY_PHASE_STRIP = NO;
				CURRENT_PROJECT_VERSION = 1;
				DEBUG_INFORMATION_FORMAT = "dwarf-with-dsym";
				ENABLE_NS_ASSERTIONS = NO;
				ENABLE_STRICT_OBJC_MSGSEND = YES;
				GCC_C_LANGUAGE_STANDARD = gnu11;
				GCC_NO_COMMON_BLOCKS = YES;
				GCC_WARN_64_TO_32_BIT_CONVERSION = YES;
				GCC_WARN_ABOUT_RETURN_TYPE = YES_ERROR;
				GCC_WARN_UNDECLARED_SELECTOR = YES;
				GCC_WARN_UNINITIALIZED_AUTOS = YES_AGGRESSIVE;
				GCC_WARN_UNUSED_FUNCTION = YES;
				GCC_WARN_UNUSED_VARIABLE = YES;
				IPHONEOS_DEPLOYMENT_TARGET = 12.0;
				MTL_ENABLE_DEBUG_INFO = NO;
				SDKROOT = iphoneos;
				SWIFT_COMPILATION_MODE = wholemodule;
				SWIFT_OPTIMIZATION_LEVEL = "-O";
				VALIDATE_PRODUCT = YES;
				VERSIONING_SYSTEM = "apple-generic";
				VERSION_INFO_PREFIX = "";
			};
			name = Release;
		};
		07ED2F2820E2AC1000EF677F /* Debug */ = {
			isa = XCBuildConfiguration;
			buildSettings = {
				CLANG_ENABLE_MODULES = YES;
				CODE_SIGN_IDENTITY = "";
				CODE_SIGN_STYLE = Automatic;
				DEFINES_MODULE = YES;
				DEVELOPMENT_TEAM = "";
				DYLIB_COMPATIBILITY_VERSION = 1;
				DYLIB_CURRENT_VERSION = 1;
				DYLIB_INSTALL_NAME_BASE = "@rpath";
				INFOPLIST_FILE = "$(SRCROOT)/Sources/Peafowl/Info.plist";
				INSTALL_PATH = "$(LOCAL_LIBRARY_DIR)/Frameworks";
				LD_RUNPATH_SEARCH_PATHS = (
					"$(inherited)",
					"@executable_path/Frameworks",
					"@loader_path/Frameworks",
				);
				PRODUCT_BUNDLE_IDENTIFIER = org.giginet.Peafowl;
				PRODUCT_NAME = Peafowl;
				SKIP_INSTALL = YES;
				SWIFT_OPTIMIZATION_LEVEL = "-Onone";
				SWIFT_VERSION = 4.2;
				TARGETED_DEVICE_FAMILY = "1,2";
			};
			name = Debug;
		};
		07ED2F2920E2AC1000EF677F /* Release */ = {
			isa = XCBuildConfiguration;
			buildSettings = {
				CLANG_ENABLE_MODULES = YES;
				CODE_SIGN_IDENTITY = "";
				CODE_SIGN_STYLE = Automatic;
				DEFINES_MODULE = YES;
				DEVELOPMENT_TEAM = "";
				DYLIB_COMPATIBILITY_VERSION = 1;
				DYLIB_CURRENT_VERSION = 1;
				DYLIB_INSTALL_NAME_BASE = "@rpath";
				INFOPLIST_FILE = "$(SRCROOT)/Sources/Peafowl/Info.plist";
				INSTALL_PATH = "$(LOCAL_LIBRARY_DIR)/Frameworks";
				LD_RUNPATH_SEARCH_PATHS = (
					"$(inherited)",
					"@executable_path/Frameworks",
					"@loader_path/Frameworks",
				);
				PRODUCT_BUNDLE_IDENTIFIER = org.giginet.Peafowl;
				PRODUCT_NAME = Peafowl;
				SKIP_INSTALL = YES;
				SWIFT_VERSION = 4.2;
				TARGETED_DEVICE_FAMILY = "1,2";
			};
			name = Release;
		};
		07ED2F2B20E2AC1000EF677F /* Debug */ = {
			isa = XCBuildConfiguration;
			buildSettings = {
				ALWAYS_EMBED_SWIFT_STANDARD_LIBRARIES = YES;
				CODE_SIGN_STYLE = Automatic;
				DEVELOPMENT_TEAM = "";
				INFOPLIST_FILE = Tests/PeafowlTests/Info.plist;
				LD_RUNPATH_SEARCH_PATHS = (
					"$(inherited)",
					"@executable_path/Frameworks",
					"@loader_path/Frameworks",
				);
				PRODUCT_BUNDLE_IDENTIFIER = org.giginet.PeafowlTests;
				PRODUCT_NAME = "$(TARGET_NAME)";
				SWIFT_VERSION = 4.2;
				TARGETED_DEVICE_FAMILY = "1,2";
			};
			name = Debug;
		};
		07ED2F2C20E2AC1000EF677F /* Release */ = {
			isa = XCBuildConfiguration;
			buildSettings = {
				ALWAYS_EMBED_SWIFT_STANDARD_LIBRARIES = YES;
				CODE_SIGN_STYLE = Automatic;
				DEVELOPMENT_TEAM = "";
				INFOPLIST_FILE = Tests/PeafowlTests/Info.plist;
				LD_RUNPATH_SEARCH_PATHS = (
					"$(inherited)",
					"@executable_path/Frameworks",
					"@loader_path/Frameworks",
				);
				PRODUCT_BUNDLE_IDENTIFIER = org.giginet.PeafowlTests;
				PRODUCT_NAME = "$(TARGET_NAME)";
				SWIFT_VERSION = 4.2;
				TARGETED_DEVICE_FAMILY = "1,2";
			};
			name = Release;
		};
/* End XCBuildConfiguration section */

/* Begin XCConfigurationList section */
		072DD2EB2129205800F86C39 /* Build configuration list for PBXNativeTarget "Peafowl-macOS" */ = {
			isa = XCConfigurationList;
			buildConfigurations = (
				072DD2EC2129205800F86C39 /* Debug */,
				072DD2ED2129205800F86C39 /* Release */,
			);
			defaultConfigurationIsVisible = 0;
			defaultConfigurationName = Release;
		};
		072DD2EE2129205800F86C39 /* Build configuration list for PBXNativeTarget "PeafowlTests-macOS" */ = {
			isa = XCConfigurationList;
			buildConfigurations = (
				072DD2EF2129205800F86C39 /* Debug */,
				072DD2F02129205800F86C39 /* Release */,
			);
			defaultConfigurationIsVisible = 0;
			defaultConfigurationName = Release;
		};
		07ED2F0D20E2AC0F00EF677F /* Build configuration list for PBXProject "Peafowl" */ = {
			isa = XCConfigurationList;
			buildConfigurations = (
				07ED2F2520E2AC1000EF677F /* Debug */,
				07ED2F2620E2AC1000EF677F /* Release */,
			);
			defaultConfigurationIsVisible = 0;
			defaultConfigurationName = Release;
		};
		07ED2F2720E2AC1000EF677F /* Build configuration list for PBXNativeTarget "Peafowl-iOS" */ = {
			isa = XCConfigurationList;
			buildConfigurations = (
				07ED2F2820E2AC1000EF677F /* Debug */,
				07ED2F2920E2AC1000EF677F /* Release */,
			);
			defaultConfigurationIsVisible = 0;
			defaultConfigurationName = Release;
		};
		07ED2F2A20E2AC1000EF677F /* Build configuration list for PBXNativeTarget "PeafowlTests-iOS" */ = {
			isa = XCConfigurationList;
			buildConfigurations = (
				07ED2F2B20E2AC1000EF677F /* Debug */,
				07ED2F2C20E2AC1000EF677F /* Release */,
			);
			defaultConfigurationIsVisible = 0;
			defaultConfigurationName = Release;
		};
/* End XCConfigurationList section */
	};
	rootObject = 07ED2F0A20E2AC0F00EF677F /* Project object */;
}
